// !$*UTF8*$!
{
	archiveVersion = 1;
	classes = {
	};
	objectVersion = 46;
	objects = {

/* Begin PBXBuildFile section */
		6544BD521E5B67C30059EA5C /* AppDelegate.swift in Sources */ = {isa = PBXBuildFile; fileRef = 6544BD511E5B67C30059EA5C /* AppDelegate.swift */; };
		6544BD541E5B67C30059EA5C /* ViewController.swift in Sources */ = {isa = PBXBuildFile; fileRef = 6544BD531E5B67C30059EA5C /* ViewController.swift */; };
		6544BD571E5B67C30059EA5C /* Main.storyboard in Resources */ = {isa = PBXBuildFile; fileRef = 6544BD551E5B67C30059EA5C /* Main.storyboard */; };
		6544BD591E5B67C30059EA5C /* Assets.xcassets in Resources */ = {isa = PBXBuildFile; fileRef = 6544BD581E5B67C30059EA5C /* Assets.xcassets */; };
		6544BD5C1E5B67C30059EA5C /* LaunchScreen.storyboard in Resources */ = {isa = PBXBuildFile; fileRef = 6544BD5A1E5B67C30059EA5C /* LaunchScreen.storyboard */; };
		6544BD821E5B8A8F0059EA5C /* SliderExampleViewController.swift in Sources */ = {isa = PBXBuildFile; fileRef = 6544BD811E5B8A8F0059EA5C /* SliderExampleViewController.swift */; };
		6544BD841E5B8CE30059EA5C /* SliderTutorialViewController.swift in Sources */ = {isa = PBXBuildFile; fileRef = 6544BD831E5B8CE30059EA5C /* SliderTutorialViewController.swift */; };
		6544BD861E5B8D3D0059EA5C /* AVKitPlayerExampleViewController.swift in Sources */ = {isa = PBXBuildFile; fileRef = 6544BD851E5B8D3D0059EA5C /* AVKitPlayerExampleViewController.swift */; };
		6544BD881E5B8D620059EA5C /* AVKitPlayerTutorialViewController.swift in Sources */ = {isa = PBXBuildFile; fileRef = 6544BD871E5B8D620059EA5C /* AVKitPlayerTutorialViewController.swift */; };
		6544BD8A1E5B8EAA0059EA5C /* DatePickerExampleViewController.swift in Sources */ = {isa = PBXBuildFile; fileRef = 6544BD891E5B8EAA0059EA5C /* DatePickerExampleViewController.swift */; };
		6544BD8C1E5B8EBF0059EA5C /* DatePickerTutorialViewController.swift in Sources */ = {isa = PBXBuildFile; fileRef = 6544BD8B1E5B8EBF0059EA5C /* DatePickerTutorialViewController.swift */; };
		6544BD8E1E5B90610059EA5C /* LongPressGestureExampleViewController.swift in Sources */ = {isa = PBXBuildFile; fileRef = 6544BD8D1E5B90610059EA5C /* LongPressGestureExampleViewController.swift */; };
		6544BD901E5B90790059EA5C /* LongPressGestureTutorialViewController.swift in Sources */ = {isa = PBXBuildFile; fileRef = 6544BD8F1E5B90790059EA5C /* LongPressGestureTutorialViewController.swift */; };
		6544BD921E5B91B80059EA5C /* MapKitExampleViewController.swift in Sources */ = {isa = PBXBuildFile; fileRef = 6544BD911E5B91B80059EA5C /* MapKitExampleViewController.swift */; };
		6544BD941E5B91CA0059EA5C /* MapKitTutorialViewController.swift in Sources */ = {isa = PBXBuildFile; fileRef = 6544BD931E5B91CA0059EA5C /* MapKitTutorialViewController.swift */; };
		6544BD961E5B94830059EA5C /* PanGestureExampleViewController.swift in Sources */ = {isa = PBXBuildFile; fileRef = 6544BD951E5B94830059EA5C /* PanGestureExampleViewController.swift */; };
		6544BD981E5B94970059EA5C /* PanGestureTutorialViewController.swift in Sources */ = {isa = PBXBuildFile; fileRef = 6544BD971E5B94970059EA5C /* PanGestureTutorialViewController.swift */; };
		6544BD9A1E5B95860059EA5C /* PickerViewExampleViewController.swift in Sources */ = {isa = PBXBuildFile; fileRef = 6544BD991E5B95860059EA5C /* PickerViewExampleViewController.swift */; };
		6544BD9C1E5B959C0059EA5C /* PickerViewTutorialViewController.swift in Sources */ = {isa = PBXBuildFile; fileRef = 6544BD9B1E5B959C0059EA5C /* PickerViewTutorialViewController.swift */; };
		6544BD9E1E5B96E30059EA5C /* PinchGestureExampleViewController.swift in Sources */ = {isa = PBXBuildFile; fileRef = 6544BD9D1E5B96E30059EA5C /* PinchGestureExampleViewController.swift */; };
		6544BDA01E5B96F70059EA5C /* PinchGestureTutorialViewController.swift in Sources */ = {isa = PBXBuildFile; fileRef = 6544BD9F1E5B96F70059EA5C /* PinchGestureTutorialViewController.swift */; };
		6544BDA21E5B97C90059EA5C /* RotationGestureExampleViewController.swift in Sources */ = {isa = PBXBuildFile; fileRef = 6544BDA11E5B97C90059EA5C /* RotationGestureExampleViewController.swift */; };
		6544BDA41E5B97E70059EA5C /* RotationGestureTutorialViewController.swift in Sources */ = {isa = PBXBuildFile; fileRef = 6544BDA31E5B97E70059EA5C /* RotationGestureTutorialViewController.swift */; };
		6544BDA61E5B98DD0059EA5C /* ScreenEdgePanExampleViewController.swift in Sources */ = {isa = PBXBuildFile; fileRef = 6544BDA51E5B98DD0059EA5C /* ScreenEdgePanExampleViewController.swift */; };
		6544BDA81E5B98F80059EA5C /* ScreenEdgePanTutorialViewController.swift in Sources */ = {isa = PBXBuildFile; fileRef = 6544BDA71E5B98F80059EA5C /* ScreenEdgePanTutorialViewController.swift */; };
		6544BDAA1E5B99D80059EA5C /* SegmentedControlExampleViewController.swift in Sources */ = {isa = PBXBuildFile; fileRef = 6544BDA91E5B99D80059EA5C /* SegmentedControlExampleViewController.swift */; };
		6544BDAC1E5B99EE0059EA5C /* SegmentedControlTutorialViewController.swift in Sources */ = {isa = PBXBuildFile; fileRef = 6544BDAB1E5B99EE0059EA5C /* SegmentedControlTutorialViewController.swift */; };
		6544BDAE1E5B9AD10059EA5C /* StepperExampleViewController.swift in Sources */ = {isa = PBXBuildFile; fileRef = 6544BDAD1E5B9AD10059EA5C /* StepperExampleViewController.swift */; };
		6544BDB01E5B9AE40059EA5C /* StepperTutorialViewController.swift in Sources */ = {isa = PBXBuildFile; fileRef = 6544BDAF1E5B9AE40059EA5C /* StepperTutorialViewController.swift */; };
		6544BDB21E5B9C090059EA5C /* SwipeGestureExampleViewController.swift in Sources */ = {isa = PBXBuildFile; fileRef = 6544BDB11E5B9C090059EA5C /* SwipeGestureExampleViewController.swift */; };
		6544BDB41E5B9C1E0059EA5C /* SwipeGestureTutorialViewController.swift in Sources */ = {isa = PBXBuildFile; fileRef = 6544BDB31E5B9C1E0059EA5C /* SwipeGestureTutorialViewController.swift */; };
		6544BDB61E5B9CF40059EA5C /* SwitchExampleViewController.swift in Sources */ = {isa = PBXBuildFile; fileRef = 6544BDB51E5B9CF40059EA5C /* SwitchExampleViewController.swift */; };
		6544BDB81E5B9D2C0059EA5C /* SwitchTutorialViewController.swift in Sources */ = {isa = PBXBuildFile; fileRef = 6544BDB71E5B9D2C0059EA5C /* SwitchTutorialViewController.swift */; };
		6544BDBA1E5B9DFE0059EA5C /* TapGestureExampleViewController.swift in Sources */ = {isa = PBXBuildFile; fileRef = 6544BDB91E5B9DFE0059EA5C /* TapGestureExampleViewController.swift */; };
		6544BDBC1E5B9E160059EA5C /* TapGestureTutorialViewController.swift in Sources */ = {isa = PBXBuildFile; fileRef = 6544BDBB1E5B9E160059EA5C /* TapGestureTutorialViewController.swift */; };
/* End PBXBuildFile section */

/* Begin PBXFileReference section */
		6544BD4E1E5B67C30059EA5C /* UIObjectsStoryBoard.app */ = {isa = PBXFileReference; explicitFileType = wrapper.application; includeInIndex = 0; path = UIObjectsStoryBoard.app; sourceTree = BUILT_PRODUCTS_DIR; };
		6544BD511E5B67C30059EA5C /* AppDelegate.swift */ = {isa = PBXFileReference; lastKnownFileType = sourcecode.swift; path = AppDelegate.swift; sourceTree = "<group>"; };
		6544BD531E5B67C30059EA5C /* ViewController.swift */ = {isa = PBXFileReference; lastKnownFileType = sourcecode.swift; path = ViewController.swift; sourceTree = "<group>"; };
		6544BD561E5B67C30059EA5C /* Base */ = {isa = PBXFileReference; lastKnownFileType = file.storyboard; name = Base; path = Base.lproj/Main.storyboard; sourceTree = "<group>"; };
		6544BD581E5B67C30059EA5C /* Assets.xcassets */ = {isa = PBXFileReference; lastKnownFileType = folder.assetcatalog; path = Assets.xcassets; sourceTree = "<group>"; };
		6544BD5B1E5B67C30059EA5C /* Base */ = {isa = PBXFileReference; lastKnownFileType = file.storyboard; name = Base; path = Base.lproj/LaunchScreen.storyboard; sourceTree = "<group>"; };
		6544BD5D1E5B67C30059EA5C /* Info.plist */ = {isa = PBXFileReference; lastKnownFileType = text.plist.xml; path = Info.plist; sourceTree = "<group>"; };
		6544BD811E5B8A8F0059EA5C /* SliderExampleViewController.swift */ = {isa = PBXFileReference; fileEncoding = 4; lastKnownFileType = sourcecode.swift; name = SliderExampleViewController.swift; path = ../SliderExampleViewController.swift; sourceTree = "<group>"; };
		6544BD831E5B8CE30059EA5C /* SliderTutorialViewController.swift */ = {isa = PBXFileReference; fileEncoding = 4; lastKnownFileType = sourcecode.swift; path = SliderTutorialViewController.swift; sourceTree = "<group>"; };
		6544BD851E5B8D3D0059EA5C /* AVKitPlayerExampleViewController.swift */ = {isa = PBXFileReference; fileEncoding = 4; lastKnownFileType = sourcecode.swift; path = AVKitPlayerExampleViewController.swift; sourceTree = "<group>"; };
		6544BD871E5B8D620059EA5C /* AVKitPlayerTutorialViewController.swift */ = {isa = PBXFileReference; fileEncoding = 4; lastKnownFileType = sourcecode.swift; path = AVKitPlayerTutorialViewController.swift; sourceTree = "<group>"; };
		6544BD891E5B8EAA0059EA5C /* DatePickerExampleViewController.swift */ = {isa = PBXFileReference; fileEncoding = 4; lastKnownFileType = sourcecode.swift; path = DatePickerExampleViewController.swift; sourceTree = "<group>"; };
		6544BD8B1E5B8EBF0059EA5C /* DatePickerTutorialViewController.swift */ = {isa = PBXFileReference; fileEncoding = 4; lastKnownFileType = sourcecode.swift; path = DatePickerTutorialViewController.swift; sourceTree = "<group>"; };
		6544BD8D1E5B90610059EA5C /* LongPressGestureExampleViewController.swift */ = {isa = PBXFileReference; fileEncoding = 4; lastKnownFileType = sourcecode.swift; path = LongPressGestureExampleViewController.swift; sourceTree = "<group>"; };
		6544BD8F1E5B90790059EA5C /* LongPressGestureTutorialViewController.swift */ = {isa = PBXFileReference; fileEncoding = 4; lastKnownFileType = sourcecode.swift; path = LongPressGestureTutorialViewController.swift; sourceTree = "<group>"; };
		6544BD911E5B91B80059EA5C /* MapKitExampleViewController.swift */ = {isa = PBXFileReference; fileEncoding = 4; lastKnownFileType = sourcecode.swift; path = MapKitExampleViewController.swift; sourceTree = "<group>"; };
		6544BD931E5B91CA0059EA5C /* MapKitTutorialViewController.swift */ = {isa = PBXFileReference; fileEncoding = 4; lastKnownFileType = sourcecode.swift; path = MapKitTutorialViewController.swift; sourceTree = "<group>"; };
		6544BD951E5B94830059EA5C /* PanGestureExampleViewController.swift */ = {isa = PBXFileReference; fileEncoding = 4; lastKnownFileType = sourcecode.swift; path = PanGestureExampleViewController.swift; sourceTree = "<group>"; };
		6544BD971E5B94970059EA5C /* PanGestureTutorialViewController.swift */ = {isa = PBXFileReference; fileEncoding = 4; lastKnownFileType = sourcecode.swift; path = PanGestureTutorialViewController.swift; sourceTree = "<group>"; };
		6544BD991E5B95860059EA5C /* PickerViewExampleViewController.swift */ = {isa = PBXFileReference; fileEncoding = 4; lastKnownFileType = sourcecode.swift; path = PickerViewExampleViewController.swift; sourceTree = "<group>"; };
		6544BD9B1E5B959C0059EA5C /* PickerViewTutorialViewController.swift */ = {isa = PBXFileReference; fileEncoding = 4; lastKnownFileType = sourcecode.swift; path = PickerViewTutorialViewController.swift; sourceTree = "<group>"; };
		6544BD9D1E5B96E30059EA5C /* PinchGestureExampleViewController.swift */ = {isa = PBXFileReference; fileEncoding = 4; lastKnownFileType = sourcecode.swift; path = PinchGestureExampleViewController.swift; sourceTree = "<group>"; };
		6544BD9F1E5B96F70059EA5C /* PinchGestureTutorialViewController.swift */ = {isa = PBXFileReference; fileEncoding = 4; lastKnownFileType = sourcecode.swift; path = PinchGestureTutorialViewController.swift; sourceTree = "<group>"; };
		6544BDA11E5B97C90059EA5C /* RotationGestureExampleViewController.swift */ = {isa = PBXFileReference; fileEncoding = 4; lastKnownFileType = sourcecode.swift; name = RotationGestureExampleViewController.swift; path = ../RotationGestureExampleViewController.swift; sourceTree = "<group>"; };
		6544BDA31E5B97E70059EA5C /* RotationGestureTutorialViewController.swift */ = {isa = PBXFileReference; fileEncoding = 4; lastKnownFileType = sourcecode.swift; path = RotationGestureTutorialViewController.swift; sourceTree = "<group>"; };
		6544BDA51E5B98DD0059EA5C /* ScreenEdgePanExampleViewController.swift */ = {isa = PBXFileReference; fileEncoding = 4; lastKnownFileType = sourcecode.swift; path = ScreenEdgePanExampleViewController.swift; sourceTree = "<group>"; };
		6544BDA71E5B98F80059EA5C /* ScreenEdgePanTutorialViewController.swift */ = {isa = PBXFileReference; fileEncoding = 4; lastKnownFileType = sourcecode.swift; path = ScreenEdgePanTutorialViewController.swift; sourceTree = "<group>"; };
		6544BDA91E5B99D80059EA5C /* SegmentedControlExampleViewController.swift */ = {isa = PBXFileReference; fileEncoding = 4; lastKnownFileType = sourcecode.swift; path = SegmentedControlExampleViewController.swift; sourceTree = "<group>"; };
		6544BDAB1E5B99EE0059EA5C /* SegmentedControlTutorialViewController.swift */ = {isa = PBXFileReference; fileEncoding = 4; lastKnownFileType = sourcecode.swift; path = SegmentedControlTutorialViewController.swift; sourceTree = "<group>"; };
		6544BDAD1E5B9AD10059EA5C /* StepperExampleViewController.swift */ = {isa = PBXFileReference; fileEncoding = 4; lastKnownFileType = sourcecode.swift; path = StepperExampleViewController.swift; sourceTree = "<group>"; };
		6544BDAF1E5B9AE40059EA5C /* StepperTutorialViewController.swift */ = {isa = PBXFileReference; fileEncoding = 4; lastKnownFileType = sourcecode.swift; path = StepperTutorialViewController.swift; sourceTree = "<group>"; };
		6544BDB11E5B9C090059EA5C /* SwipeGestureExampleViewController.swift */ = {isa = PBXFileReference; fileEncoding = 4; lastKnownFileType = sourcecode.swift; path = SwipeGestureExampleViewController.swift; sourceTree = "<group>"; };
		6544BDB31E5B9C1E0059EA5C /* SwipeGestureTutorialViewController.swift */ = {isa = PBXFileReference; fileEncoding = 4; lastKnownFileType = sourcecode.swift; path = SwipeGestureTutorialViewController.swift; sourceTree = "<group>"; };
		6544BDB51E5B9CF40059EA5C /* SwitchExampleViewController.swift */ = {isa = PBXFileReference; fileEncoding = 4; lastKnownFileType = sourcecode.swift; name = SwitchExampleViewController.swift; path = ../SwitchExampleViewController.swift; sourceTree = "<group>"; };
		6544BDB71E5B9D2C0059EA5C /* SwitchTutorialViewController.swift */ = {isa = PBXFileReference; fileEncoding = 4; lastKnownFileType = sourcecode.swift; path = SwitchTutorialViewController.swift; sourceTree = "<group>"; };
		6544BDB91E5B9DFE0059EA5C /* TapGestureExampleViewController.swift */ = {isa = PBXFileReference; fileEncoding = 4; lastKnownFileType = sourcecode.swift; path = TapGestureExampleViewController.swift; sourceTree = "<group>"; };
		6544BDBB1E5B9E160059EA5C /* TapGestureTutorialViewController.swift */ = {isa = PBXFileReference; fileEncoding = 4; lastKnownFileType = sourcecode.swift; path = TapGestureTutorialViewController.swift; sourceTree = "<group>"; };
/* End PBXFileReference section */

/* Begin PBXFrameworksBuildPhase section */
		6544BD4B1E5B67C20059EA5C /* Frameworks */ = {
			isa = PBXFrameworksBuildPhase;
			buildActionMask = 2147483647;
			files = (
			);
			runOnlyForDeploymentPostprocessing = 0;
		};
/* End PBXFrameworksBuildPhase section */

/* Begin PBXGroup section */
		6544BD451E5B67C20059EA5C = {
			isa = PBXGroup;
			children = (
				6544BD501E5B67C30059EA5C /* UIObjectsStoryBoard */,
				6544BD4F1E5B67C30059EA5C /* Products */,
			);
			sourceTree = "<group>";
		};
		6544BD4F1E5B67C30059EA5C /* Products */ = {
			isa = PBXGroup;
			children = (
				6544BD4E1E5B67C30059EA5C /* UIObjectsStoryBoard.app */,
			);
			name = Products;
			sourceTree = "<group>";
		};
		6544BD501E5B67C30059EA5C /* UIObjectsStoryBoard */ = {
			isa = PBXGroup;
			children = (
				6544BD511E5B67C30059EA5C /* AppDelegate.swift */,
				6544BD531E5B67C30059EA5C /* ViewController.swift */,
				6544BD551E5B67C30059EA5C /* Main.storyboard */,
				6544BD871E5B8D620059EA5C /* AVKitPlayerTutorialViewController.swift */,
				6544BD851E5B8D3D0059EA5C /* AVKitPlayerExampleViewController.swift */,
				6544BD8B1E5B8EBF0059EA5C /* DatePickerTutorialViewController.swift */,
				6544BD891E5B8EAA0059EA5C /* DatePickerExampleViewController.swift */,
				6544BD8F1E5B90790059EA5C /* LongPressGestureTutorialViewController.swift */,
				6544BD8D1E5B90610059EA5C /* LongPressGestureExampleViewController.swift */,
				6544BD931E5B91CA0059EA5C /* MapKitTutorialViewController.swift */,
				6544BD911E5B91B80059EA5C /* MapKitExampleViewController.swift */,
				6544BD971E5B94970059EA5C /* PanGestureTutorialViewController.swift */,
				6544BD951E5B94830059EA5C /* PanGestureExampleViewController.swift */,
				6544BD9B1E5B959C0059EA5C /* PickerViewTutorialViewController.swift */,
				6544BD991E5B95860059EA5C /* PickerViewExampleViewController.swift */,
				6544BD9F1E5B96F70059EA5C /* PinchGestureTutorialViewController.swift */,
				6544BD9D1E5B96E30059EA5C /* PinchGestureExampleViewController.swift */,
				6544BDA11E5B97C90059EA5C /* RotationGestureExampleViewController.swift */,
				6544BDA31E5B97E70059EA5C /* RotationGestureTutorialViewController.swift */,
				6544BDA71E5B98F80059EA5C /* ScreenEdgePanTutorialViewController.swift */,
				6544BDA51E5B98DD0059EA5C /* ScreenEdgePanExampleViewController.swift */,
				6544BDAB1E5B99EE0059EA5C /* SegmentedControlTutorialViewController.swift */,
				6544BDA91E5B99D80059EA5C /* SegmentedControlExampleViewController.swift */,
				6544BDAF1E5B9AE40059EA5C /* StepperTutorialViewController.swift */,
				6544BDAD1E5B9AD10059EA5C /* StepperExampleViewController.swift */,
				6544BDB31E5B9C1E0059EA5C /* SwipeGestureTutorialViewController.swift */,
				6544BDB11E5B9C090059EA5C /* SwipeGestureExampleViewController.swift */,
				6544BD811E5B8A8F0059EA5C /* SliderExampleViewController.swift */,
				6544BD831E5B8CE30059EA5C /* SliderTutorialViewController.swift */,
				6544BDB51E5B9CF40059EA5C /* SwitchExampleViewController.swift */,
				6544BDB71E5B9D2C0059EA5C /* SwitchTutorialViewController.swift */,
				6544BDBB1E5B9E160059EA5C /* TapGestureTutorialViewController.swift */,
				6544BDB91E5B9DFE0059EA5C /* TapGestureExampleViewController.swift */,
				6544BD581E5B67C30059EA5C /* Assets.xcassets */,
				6544BD5A1E5B67C30059EA5C /* LaunchScreen.storyboard */,
				6544BD5D1E5B67C30059EA5C /* Info.plist */,
			);
			path = UIObjectsStoryBoard;
			sourceTree = "<group>";
		};
/* End PBXGroup section */

/* Begin PBXNativeTarget section */
		6544BD4D1E5B67C20059EA5C /* UIObjectsStoryBoard */ = {
			isa = PBXNativeTarget;
			buildConfigurationList = 6544BD601E5B67C30059EA5C /* Build configuration list for PBXNativeTarget "UIObjectsStoryBoard" */;
			buildPhases = (
				6544BD4A1E5B67C20059EA5C /* Sources */,
				6544BD4B1E5B67C20059EA5C /* Frameworks */,
				6544BD4C1E5B67C20059EA5C /* Resources */,
			);
			buildRules = (
			);
			dependencies = (
			);
			name = UIObjectsStoryBoard;
			productName = UIObjectsStoryBoard;
			productReference = 6544BD4E1E5B67C30059EA5C /* UIObjectsStoryBoard.app */;
			productType = "com.apple.product-type.application";
		};
/* End PBXNativeTarget section */

/* Begin PBXProject section */
		6544BD461E5B67C20059EA5C /* Project object */ = {
			isa = PBXProject;
			attributes = {
				LastSwiftUpdateCheck = 0820;
				LastUpgradeCheck = 0820;
				ORGANIZATIONNAME = "Kevin Tran";
				TargetAttributes = {
					6544BD4D1E5B67C20059EA5C = {
						CreatedOnToolsVersion = 8.2.1;
						DevelopmentTeam = WC2JB3CT65;
						ProvisioningStyle = Automatic;
					};
				};
			};
			buildConfigurationList = 6544BD491E5B67C20059EA5C /* Build configuration list for PBXProject "UIObjectsStoryBoard" */;
			compatibilityVersion = "Xcode 3.2";
			developmentRegion = English;
			hasScannedForEncodings = 0;
			knownRegions = (
				en,
				Base,
			);
			mainGroup = 6544BD451E5B67C20059EA5C;
			productRefGroup = 6544BD4F1E5B67C30059EA5C /* Products */;
			projectDirPath = "";
			projectRoot = "";
			targets = (
				6544BD4D1E5B67C20059EA5C /* UIObjectsStoryBoard */,
			);
		};
/* End PBXProject section */

/* Begin PBXResourcesBuildPhase section */
		6544BD4C1E5B67C20059EA5C /* Resources */ = {
			isa = PBXResourcesBuildPhase;
			buildActionMask = 2147483647;
			files = (
				6544BD5C1E5B67C30059EA5C /* LaunchScreen.storyboard in Resources */,
				6544BD591E5B67C30059EA5C /* Assets.xcassets in Resources */,
				6544BD571E5B67C30059EA5C /* Main.storyboard in Resources */,
			);
			runOnlyForDeploymentPostprocessing = 0;
		};
/* End PBXResourcesBuildPhase section */

/* Begin PBXSourcesBuildPhase section */
		6544BD4A1E5B67C20059EA5C /* Sources */ = {
			isa = PBXSourcesBuildPhase;
			buildActionMask = 2147483647;
			files = (
				6544BD8A1E5B8EAA0059EA5C /* DatePickerExampleViewController.swift in Sources */,
				6544BDA61E5B98DD0059EA5C /* ScreenEdgePanExampleViewController.swift in Sources */,
				6544BDAA1E5B99D80059EA5C /* SegmentedControlExampleViewController.swift in Sources */,
				6544BD9C1E5B959C0059EA5C /* PickerViewTutorialViewController.swift in Sources */,
				6544BD941E5B91CA0059EA5C /* MapKitTutorialViewController.swift in Sources */,
				6544BD901E5B90790059EA5C /* LongPressGestureTutorialViewController.swift in Sources */,
				6544BD8C1E5B8EBF0059EA5C /* DatePickerTutorialViewController.swift in Sources */,
				6544BD981E5B94970059EA5C /* PanGestureTutorialViewController.swift in Sources */,
				6544BD8E1E5B90610059EA5C /* LongPressGestureExampleViewController.swift in Sources */,
				6544BD881E5B8D620059EA5C /* AVKitPlayerTutorialViewController.swift in Sources */,
				6544BDA41E5B97E70059EA5C /* RotationGestureTutorialViewController.swift in Sources */,
				6544BD541E5B67C30059EA5C /* ViewController.swift in Sources */,
				6544BDA01E5B96F70059EA5C /* PinchGestureTutorialViewController.swift in Sources */,
				6544BD9A1E5B95860059EA5C /* PickerViewExampleViewController.swift in Sources */,
				6544BDB61E5B9CF40059EA5C /* SwitchExampleViewController.swift in Sources */,
				6544BDB21E5B9C090059EA5C /* SwipeGestureExampleViewController.swift in Sources */,
				6544BDB81E5B9D2C0059EA5C /* SwitchTutorialViewController.swift in Sources */,
				6544BDB41E5B9C1E0059EA5C /* SwipeGestureTutorialViewController.swift in Sources */,
				6544BD861E5B8D3D0059EA5C /* AVKitPlayerExampleViewController.swift in Sources */,
				6544BD521E5B67C30059EA5C /* AppDelegate.swift in Sources */,
				6544BD821E5B8A8F0059EA5C /* SliderExampleViewController.swift in Sources */,
				6544BD841E5B8CE30059EA5C /* SliderTutorialViewController.swift in Sources */,
				6544BD921E5B91B80059EA5C /* MapKitExampleViewController.swift in Sources */,
				6544BDAC1E5B99EE0059EA5C /* SegmentedControlTutorialViewController.swift in Sources */,
				6544BDBC1E5B9E160059EA5C /* TapGestureTutorialViewController.swift in Sources */,
				6544BDAE1E5B9AD10059EA5C /* StepperExampleViewController.swift in Sources */,
				6544BDBA1E5B9DFE0059EA5C /* TapGestureExampleViewController.swift in Sources */,
				6544BDA81E5B98F80059EA5C /* ScreenEdgePanTutorialViewController.swift in Sources */,
				6544BDA21E5B97C90059EA5C /* RotationGestureExampleViewController.swift in Sources */,
				6544BD9E1E5B96E30059EA5C /* PinchGestureExampleViewController.swift in Sources */,
				6544BD961E5B94830059EA5C /* PanGestureExampleViewController.swift in Sources */,
				6544BDB01E5B9AE40059EA5C /* StepperTutorialViewController.swift in Sources */,
			);
			runOnlyForDeploymentPostprocessing = 0;
		};
/* End PBXSourcesBuildPhase section */

/* Begin PBXVariantGroup section */
		6544BD551E5B67C30059EA5C /* Main.storyboard */ = {
			isa = PBXVariantGroup;
			children = (
				6544BD561E5B67C30059EA5C /* Base */,
			);
			name = Main.storyboard;
			sourceTree = "<group>";
		};
		6544BD5A1E5B67C30059EA5C /* LaunchScreen.storyboard */ = {
			isa = PBXVariantGroup;
			children = (
				6544BD5B1E5B67C30059EA5C /* Base */,
			);
			name = LaunchScreen.storyboard;
			sourceTree = "<group>";
		};
/* End PBXVariantGroup section */

/* Begin XCBuildConfiguration section */
		6544BD5E1E5B67C30059EA5C /* Debug */ = {
			isa = XCBuildConfiguration;
			buildSettings = {
				ALWAYS_SEARCH_USER_PATHS = NO;
				CLANG_ANALYZER_NONNULL = YES;
				CLANG_CXX_LANGUAGE_STANDARD = "gnu++0x";
				CLANG_CXX_LIBRARY = "libc++";
				CLANG_ENABLE_MODULES = YES;
				CLANG_ENABLE_OBJC_ARC = YES;
				CLANG_WARN_BOOL_CONVERSION = YES;
				CLANG_WARN_CONSTANT_CONVERSION = YES;
				CLANG_WARN_DIRECT_OBJC_ISA_USAGE = YES_ERROR;
				CLANG_WARN_DOCUMENTATION_COMMENTS = YES;
				CLANG_WARN_EMPTY_BODY = YES;
				CLANG_WARN_ENUM_CONVERSION = YES;
				CLANG_WARN_INFINITE_RECURSION = YES;
				CLANG_WARN_INT_CONVERSION = YES;
				CLANG_WARN_OBJC_ROOT_CLASS = YES_ERROR;
				CLANG_WARN_SUSPICIOUS_MOVE = YES;
				CLANG_WARN_UNREACHABLE_CODE = YES;
				CLANG_WARN__DUPLICATE_METHOD_MATCH = YES;
				"CODE_SIGN_IDENTITY[sdk=iphoneos*]" = "iPhone Developer";
				COPY_PHASE_STRIP = NO;
				DEBUG_INFORMATION_FORMAT = dwarf;
				ENABLE_STRICT_OBJC_MSGSEND = YES;
				ENABLE_TESTABILITY = YES;
				GCC_C_LANGUAGE_STANDARD = gnu99;
				GCC_DYNAMIC_NO_PIC = NO;
				GCC_NO_COMMON_BLOCKS = YES;
				GCC_OPTIMIZATION_LEVEL = 0;
				GCC_PREPROCESSOR_DEFINITIONS = (
					"DEBUG=1",
					"$(inherited)",
				);
				GCC_WARN_64_TO_32_BIT_CONVERSION = YES;
				GCC_WARN_ABOUT_RETURN_TYPE = YES_ERROR;
				GCC_WARN_UNDECLARED_SELECTOR = YES;
				GCC_WARN_UNINITIALIZED_AUTOS = YES_AGGRESSIVE;
				GCC_WARN_UNUSED_FUNCTION = YES;
				GCC_WARN_UNUSED_VARIABLE = YES;
				IPHONEOS_DEPLOYMENT_TARGET = 10.2;
				MTL_ENABLE_DEBUG_INFO = YES;
				ONLY_ACTIVE_ARCH = YES;
				SDKROOT = iphoneos;
				SWIFT_ACTIVE_COMPILATION_CONDITIONS = DEBUG;
				SWIFT_OPTIMIZATION_LEVEL = "-Onone";
				TARGETED_DEVICE_FAMILY = "1,2";
			};
			name = Debug;
		};
		6544BD5F1E5B67C30059EA5C /* Release */ = {
			isa = XCBuildConfiguration;
			buildSettings = {
				ALWAYS_SEARCH_USER_PATHS = NO;
				CLANG_ANALYZER_NONNULL = YES;
				CLANG_CXX_LANGUAGE_STANDARD = "gnu++0x";
				CLANG_CXX_LIBRARY = "libc++";
				CLANG_ENABLE_MODULES = YES;
				CLANG_ENABLE_OBJC_ARC = YES;
				CLANG_WARN_BOOL_CONVERSION = YES;
				CLANG_WARN_CONSTANT_CONVERSION = YES;
				CLANG_WARN_DIRECT_OBJC_ISA_USAGE = YES_ERROR;
				CLANG_WARN_DOCUMENTATION_COMMENTS = YES;
				CLANG_WARN_EMPTY_BODY = YES;
				CLANG_WARN_ENUM_CONVERSION = YES;
				CLANG_WARN_INFINITE_RECURSION = YES;
				CLANG_WARN_INT_CONVERSION = YES;
				CLANG_WARN_OBJC_ROOT_CLASS = YES_ERROR;
				CLANG_WARN_SUSPICIOUS_MOVE = YES;
				CLANG_WARN_UNREACHABLE_CODE = YES;
				CLANG_WARN__DUPLICATE_METHOD_MATCH = YES;
				"CODE_SIGN_IDENTITY[sdk=iphoneos*]" = "iPhone Developer";
				COPY_PHASE_STRIP = NO;
				DEBUG_INFORMATION_FORMAT = "dwarf-with-dsym";
				ENABLE_NS_ASSERTIONS = NO;
				ENABLE_STRICT_OBJC_MSGSEND = YES;
				GCC_C_LANGUAGE_STANDARD = gnu99;
				GCC_NO_COMMON_BLOCKS = YES;
				GCC_WARN_64_TO_32_BIT_CONVERSION = YES;
				GCC_WARN_ABOUT_RETURN_TYPE = YES_ERROR;
				GCC_WARN_UNDECLARED_SELECTOR = YES;
				GCC_WARN_UNINITIALIZED_AUTOS = YES_AGGRESSIVE;
				GCC_WARN_UNUSED_FUNCTION = YES;
				GCC_WARN_UNUSED_VARIABLE = YES;
				IPHONEOS_DEPLOYMENT_TARGET = 10.2;
				MTL_ENABLE_DEBUG_INFO = NO;
				SDKROOT = iphoneos;
				SWIFT_OPTIMIZATION_LEVEL = "-Owholemodule";
				TARGETED_DEVICE_FAMILY = "1,2";
				VALIDATE_PRODUCT = YES;
			};
			name = Release;
		};
		6544BD611E5B67C30059EA5C /* Debug */ = {
			isa = XCBuildConfiguration;
			buildSettings = {
				ASSETCATALOG_COMPILER_APPICON_NAME = AppIcon;
				DEVELOPMENT_TEAM = WC2JB3CT65;
				INFOPLIST_FILE = UIObjectsStoryBoard/Info.plist;
				LD_RUNPATH_SEARCH_PATHS = "$(inherited) @executable_path/Frameworks";
				PRODUCT_BUNDLE_IDENTIFIER = com.example.UIObjectsStoryBoard;
				PRODUCT_NAME = "$(TARGET_NAME)";
				SWIFT_VERSION = 3.0;
			};
			name = Debug;
		};
		6544BD621E5B67C30059EA5C /* Release */ = {
			isa = XCBuildConfiguration;
			buildSettings = {
				ASSETCATALOG_COMPILER_APPICON_NAME = AppIcon;
				DEVELOPMENT_TEAM = WC2JB3CT65;
				INFOPLIST_FILE = UIObjectsStoryBoard/Info.plist;
				LD_RUNPATH_SEARCH_PATHS = "$(inherited) @executable_path/Frameworks";
				PRODUCT_BUNDLE_IDENTIFIER = com.example.UIObjectsStoryBoard;
				PRODUCT_NAME = "$(TARGET_NAME)";
				SWIFT_VERSION = 3.0;
			};
			name = Release;
		};
/* End XCBuildConfiguration section */

/* Begin XCConfigurationList section */
		6544BD491E5B67C20059EA5C /* Build configuration list for PBXProject "UIObjectsStoryBoard" */ = {
			isa = XCConfigurationList;
			buildConfigurations = (
				6544BD5E1E5B67C30059EA5C /* Debug */,
				6544BD5F1E5B67C30059EA5C /* Release */,
			);
			defaultConfigurationIsVisible = 0;
			defaultConfigurationName = Release;
		};
		6544BD601E5B67C30059EA5C /* Build configuration list for PBXNativeTarget "UIObjectsStoryBoard" */ = {
			isa = XCConfigurationList;
			buildConfigurations = (
				6544BD611E5B67C30059EA5C /* Debug */,
				6544BD621E5B67C30059EA5C /* Release */,
			);
			defaultConfigurationIsVisible = 0;
		};
/* End XCConfigurationList section */
	};
	rootObject = 6544BD461E5B67C20059EA5C /* Project object */;
}
