// !$*UTF8*$!
{
	archiveVersion = 1;
	classes = {
	};
	objectVersion = 46;
	objects = {

/* Begin PBXBuildFile section */
		37E9801F2A8D7D702814CF51 /* Pods_CocoaFrameWorks_ClassExample.framework in Frameworks */ = {isa = PBXBuildFile; fileRef = 9A2C6EC72FB9002D25AB48BE /* Pods_CocoaFrameWorks_ClassExample.framework */; };
		650432661E89C416007C7169 /* AppDelegate.swift in Sources */ = {isa = PBXBuildFile; fileRef = 650432651E89C416007C7169 /* AppDelegate.swift */; };
		650432681E89C416007C7169 /* ViewController.swift in Sources */ = {isa = PBXBuildFile; fileRef = 650432671E89C416007C7169 /* ViewController.swift */; };
		6504326B1E89C416007C7169 /* Main.storyboard in Resources */ = {isa = PBXBuildFile; fileRef = 650432691E89C416007C7169 /* Main.storyboard */; };
		6504326D1E89C416007C7169 /* Assets.xcassets in Resources */ = {isa = PBXBuildFile; fileRef = 6504326C1E89C416007C7169 /* Assets.xcassets */; };
		650432701E89C416007C7169 /* LaunchScreen.storyboard in Resources */ = {isa = PBXBuildFile; fileRef = 6504326E1E89C416007C7169 /* LaunchScreen.storyboard */; };
/* End PBXBuildFile section */

/* Begin PBXFileReference section */
		650432621E89C416007C7169 /* CocoaFrameWorks_ClassExample.app */ = {isa = PBXFileReference; explicitFileType = wrapper.application; includeInIndex = 0; path = CocoaFrameWorks_ClassExample.app; sourceTree = BUILT_PRODUCTS_DIR; };
		650432651E89C416007C7169 /* AppDelegate.swift */ = {isa = PBXFileReference; lastKnownFileType = sourcecode.swift; path = AppDelegate.swift; sourceTree = "<group>"; };
		650432671E89C416007C7169 /* ViewController.swift */ = {isa = PBXFileReference; lastKnownFileType = sourcecode.swift; path = ViewController.swift; sourceTree = "<group>"; };
		6504326A1E89C416007C7169 /* Base */ = {isa = PBXFileReference; lastKnownFileType = file.storyboard; name = Base; path = Base.lproj/Main.storyboard; sourceTree = "<group>"; };
		6504326C1E89C416007C7169 /* Assets.xcassets */ = {isa = PBXFileReference; lastKnownFileType = folder.assetcatalog; path = Assets.xcassets; sourceTree = "<group>"; };
		6504326F1E89C416007C7169 /* Base */ = {isa = PBXFileReference; lastKnownFileType = file.storyboard; name = Base; path = Base.lproj/LaunchScreen.storyboard; sourceTree = "<group>"; };
		650432711E89C416007C7169 /* Info.plist */ = {isa = PBXFileReference; lastKnownFileType = text.plist.xml; path = Info.plist; sourceTree = "<group>"; };
		8395D0A798835743C072D858 /* Pods-CocoaFrameWorks_ClassExample.debug.xcconfig */ = {isa = PBXFileReference; includeInIndex = 1; lastKnownFileType = text.xcconfig; name = "Pods-CocoaFrameWorks_ClassExample.debug.xcconfig"; path = "Pods/Target Support Files/Pods-CocoaFrameWorks_ClassExample/Pods-CocoaFrameWorks_ClassExample.debug.xcconfig"; sourceTree = "<group>"; };
		9A2C6EC72FB9002D25AB48BE /* Pods_CocoaFrameWorks_ClassExample.framework */ = {isa = PBXFileReference; explicitFileType = wrapper.framework; includeInIndex = 0; path = Pods_CocoaFrameWorks_ClassExample.framework; sourceTree = BUILT_PRODUCTS_DIR; };
		B0091E98472EFBD9611CD177 /* Pods-CocoaFrameWorks_ClassExample.release.xcconfig */ = {isa = PBXFileReference; includeInIndex = 1; lastKnownFileType = text.xcconfig; name = "Pods-CocoaFrameWorks_ClassExample.release.xcconfig"; path = "Pods/Target Support Files/Pods-CocoaFrameWorks_ClassExample/Pods-CocoaFrameWorks_ClassExample.release.xcconfig"; sourceTree = "<group>"; };
/* End PBXFileReference section */

/* Begin PBXFrameworksBuildPhase section */
		6504325F1E89C416007C7169 /* Frameworks */ = {
			isa = PBXFrameworksBuildPhase;
			buildActionMask = 2147483647;
			files = (
				37E9801F2A8D7D702814CF51 /* Pods_CocoaFrameWorks_ClassExample.framework in Frameworks */,
			);
			runOnlyForDeploymentPostprocessing = 0;
		};
/* End PBXFrameworksBuildPhase section */

/* Begin PBXGroup section */
		5E931E1B7D04853ED8670B22 /* Pods */ = {
			isa = PBXGroup;
			children = (
				8395D0A798835743C072D858 /* Pods-CocoaFrameWorks_ClassExample.debug.xcconfig */,
				B0091E98472EFBD9611CD177 /* Pods-CocoaFrameWorks_ClassExample.release.xcconfig */,
			);
			name = Pods;
			sourceTree = "<group>";
		};
		650432591E89C416007C7169 = {
			isa = PBXGroup;
			children = (
				650432641E89C416007C7169 /* CocoaFrameWorks_ClassExample */,
				650432631E89C416007C7169 /* Products */,
				5E931E1B7D04853ED8670B22 /* Pods */,
				89CC302E76F20F93E59632CF /* Frameworks */,
			);
			sourceTree = "<group>";
		};
		650432631E89C416007C7169 /* Products */ = {
			isa = PBXGroup;
			children = (
				650432621E89C416007C7169 /* CocoaFrameWorks_ClassExample.app */,
			);
			name = Products;
			sourceTree = "<group>";
		};
		650432641E89C416007C7169 /* CocoaFrameWorks_ClassExample */ = {
			isa = PBXGroup;
			children = (
				650432651E89C416007C7169 /* AppDelegate.swift */,
				650432671E89C416007C7169 /* ViewController.swift */,
				650432691E89C416007C7169 /* Main.storyboard */,
				6504326C1E89C416007C7169 /* Assets.xcassets */,
				6504326E1E89C416007C7169 /* LaunchScreen.storyboard */,
				650432711E89C416007C7169 /* Info.plist */,
			);
			path = CocoaFrameWorks_ClassExample;
			sourceTree = "<group>";
		};
		89CC302E76F20F93E59632CF /* Frameworks */ = {
			isa = PBXGroup;
			children = (
				9A2C6EC72FB9002D25AB48BE /* Pods_CocoaFrameWorks_ClassExample.framework */,
			);
			name = Frameworks;
			sourceTree = "<group>";
		};
/* End PBXGroup section */

/* Begin PBXNativeTarget section */
		650432611E89C416007C7169 /* CocoaFrameWorks_ClassExample */ = {
			isa = PBXNativeTarget;
			buildConfigurationList = 650432741E89C416007C7169 /* Build configuration list for PBXNativeTarget "CocoaFrameWorks_ClassExample" */;
			buildPhases = (
				2A3E0EC684545DADE2F8198C /* [CP] Check Pods Manifest.lock */,
				6504325E1E89C416007C7169 /* Sources */,
				6504325F1E89C416007C7169 /* Frameworks */,
				650432601E89C416007C7169 /* Resources */,
				9B5B15093EB4FD1CF08DDC70 /* [CP] Embed Pods Frameworks */,
				BF404E2B0EE5EE5D9B66C306 /* [CP] Copy Pods Resources */,
			);
			buildRules = (
			);
			dependencies = (
			);
			name = CocoaFrameWorks_ClassExample;
			productName = CocoaFrameWorks_ClassExample;
			productReference = 650432621E89C416007C7169 /* CocoaFrameWorks_ClassExample.app */;
			productType = "com.apple.product-type.application";
		};
/* End PBXNativeTarget section */

/* Begin PBXProject section */
		6504325A1E89C416007C7169 /* Project object */ = {
			isa = PBXProject;
			attributes = {
				LastSwiftUpdateCheck = 0820;
				LastUpgradeCheck = 0820;
				ORGANIZATIONNAME = com.example;
				TargetAttributes = {
					650432611E89C416007C7169 = {
						CreatedOnToolsVersion = 8.2.1;
						ProvisioningStyle = Automatic;
					};
				};
			};
			buildConfigurationList = 6504325D1E89C416007C7169 /* Build configuration list for PBXProject "CocoaFrameWorks_ClassExample" */;
			compatibilityVersion = "Xcode 3.2";
			developmentRegion = English;
			hasScannedForEncodings = 0;
			knownRegions = (
				en,
				Base,
			);
			mainGroup = 650432591E89C416007C7169;
			productRefGroup = 650432631E89C416007C7169 /* Products */;
			projectDirPath = "";
			projectRoot = "";
			targets = (
				650432611E89C416007C7169 /* CocoaFrameWorks_ClassExample */,
			);
		};
/* End PBXProject section */

/* Begin PBXResourcesBuildPhase section */
		650432601E89C416007C7169 /* Resources */ = {
			isa = PBXResourcesBuildPhase;
			buildActionMask = 2147483647;
			files = (
				650432701E89C416007C7169 /* LaunchScreen.storyboard in Resources */,
				6504326D1E89C416007C7169 /* Assets.xcassets in Resources */,
				6504326B1E89C416007C7169 /* Main.storyboard in Resources */,
			);
			runOnlyForDeploymentPostprocessing = 0;
		};
/* End PBXResourcesBuildPhase section */

/* Begin PBXShellScriptBuildPhase section */
		2A3E0EC684545DADE2F8198C /* [CP] Check Pods Manifest.lock */ = {
			isa = PBXShellScriptBuildPhase;
			buildActionMask = 2147483647;
			files = (
			);
			inputPaths = (
			);
			name = "[CP] Check Pods Manifest.lock";
			outputPaths = (
			);
			runOnlyForDeploymentPostprocessing = 0;
			shellPath = /bin/sh;
			shellScript = "diff \"${PODS_ROOT}/../Podfile.lock\" \"${PODS_ROOT}/Manifest.lock\" > /dev/null\nif [ $? != 0 ] ; then\n    # print error to STDERR\n    echo \"error: The sandbox is not in sync with the Podfile.lock. Run 'pod install' or update your CocoaPods installation.\" >&2\n    exit 1\nfi\n";
			showEnvVarsInLog = 0;
		};
		9B5B15093EB4FD1CF08DDC70 /* [CP] Embed Pods Frameworks */ = {
			isa = PBXShellScriptBuildPhase;
			buildActionMask = 2147483647;
			files = (
			);
			inputPaths = (
			);
			name = "[CP] Embed Pods Frameworks";
			outputPaths = (
			);
			runOnlyForDeploymentPostprocessing = 0;
			shellPath = /bin/sh;
			shellScript = "\"${SRCROOT}/Pods/Target Support Files/Pods-CocoaFrameWorks_ClassExample/Pods-CocoaFrameWorks_ClassExample-frameworks.sh\"\n";
			showEnvVarsInLog = 0;
		};
		BF404E2B0EE5EE5D9B66C306 /* [CP] Copy Pods Resources */ = {
			isa = PBXShellScriptBuildPhase;
			buildActionMask = 2147483647;
			files = (
			);
			inputPaths = (
			);
			name = "[CP] Copy Pods Resources";
			outputPaths = (
			);
			runOnlyForDeploymentPostprocessing = 0;
			shellPath = /bin/sh;
			shellScript = "\"${SRCROOT}/Pods/Target Support Files/Pods-CocoaFrameWorks_ClassExample/Pods-CocoaFrameWorks_ClassExample-resources.sh\"\n";
			showEnvVarsInLog = 0;
		};
/* End PBXShellScriptBuildPhase section */

/* Begin PBXSourcesBuildPhase section */
		6504325E1E89C416007C7169 /* Sources */ = {
			isa = PBXSourcesBuildPhase;
			buildActionMask = 2147483647;
			files = (
				650432681E89C416007C7169 /* ViewController.swift in Sources */,
				650432661E89C416007C7169 /* AppDelegate.swift in Sources */,
			);
			runOnlyForDeploymentPostprocessing = 0;
		};
/* End PBXSourcesBuildPhase section */

/* Begin PBXVariantGroup section */
		650432691E89C416007C7169 /* Main.storyboard */ = {
			isa = PBXVariantGroup;
			children = (
				6504326A1E89C416007C7169 /* Base */,
			);
			name = Main.storyboard;
			sourceTree = "<group>";
		};
		6504326E1E89C416007C7169 /* LaunchScreen.storyboard */ = {
			isa = PBXVariantGroup;
			children = (
				6504326F1E89C416007C7169 /* Base */,
			);
			name = LaunchScreen.storyboard;
			sourceTree = "<group>";
		};
/* End PBXVariantGroup section */

/* Begin XCBuildConfiguration section */
		650432721E89C416007C7169 /* Debug */ = {
			isa = XCBuildConfiguration;
			buildSettings = {
				ALWAYS_SEARCH_USER_PATHS = NO;
				CLANG_ANALYZER_NONNULL = YES;
				CLANG_CXX_LANGUAGE_STANDARD = "gnu++0x";
				CLANG_CXX_LIBRARY = "libc++";
				CLANG_ENABLE_MODULES = YES;
				CLANG_ENABLE_OBJC_ARC = YES;
				CLANG_WARN_BOOL_CONVERSION = YES;
				CLANG_WARN_CONSTANT_CONVERSION = YES;
				CLANG_WARN_DIRECT_OBJC_ISA_USAGE = YES_ERROR;
				CLANG_WARN_DOCUMENTATION_COMMENTS = YES;
				CLANG_WARN_EMPTY_BODY = YES;
				CLANG_WARN_ENUM_CONVERSION = YES;
				CLANG_WARN_INFINITE_RECURSION = YES;
				CLANG_WARN_INT_CONVERSION = YES;
				CLANG_WARN_OBJC_ROOT_CLASS = YES_ERROR;
				CLANG_WARN_SUSPICIOUS_MOVE = YES;
				CLANG_WARN_UNREACHABLE_CODE = YES;
				CLANG_WARN__DUPLICATE_METHOD_MATCH = YES;
				"CODE_SIGN_IDENTITY[sdk=iphoneos*]" = "iPhone Developer";
				COPY_PHASE_STRIP = NO;
				DEBUG_INFORMATION_FORMAT = dwarf;
				ENABLE_STRICT_OBJC_MSGSEND = YES;
				ENABLE_TESTABILITY = YES;
				GCC_C_LANGUAGE_STANDARD = gnu99;
				GCC_DYNAMIC_NO_PIC = NO;
				GCC_NO_COMMON_BLOCKS = YES;
				GCC_OPTIMIZATION_LEVEL = 0;
				GCC_PREPROCESSOR_DEFINITIONS = (
					"DEBUG=1",
					"$(inherited)",
				);
				GCC_WARN_64_TO_32_BIT_CONVERSION = YES;
				GCC_WARN_ABOUT_RETURN_TYPE = YES_ERROR;
				GCC_WARN_UNDECLARED_SELECTOR = YES;
				GCC_WARN_UNINITIALIZED_AUTOS = YES_AGGRESSIVE;
				GCC_WARN_UNUSED_FUNCTION = YES;
				GCC_WARN_UNUSED_VARIABLE = YES;
				IPHONEOS_DEPLOYMENT_TARGET = 10.2;
				MTL_ENABLE_DEBUG_INFO = YES;
				ONLY_ACTIVE_ARCH = YES;
				SDKROOT = iphoneos;
				SWIFT_ACTIVE_COMPILATION_CONDITIONS = DEBUG;
				SWIFT_OPTIMIZATION_LEVEL = "-Onone";
				TARGETED_DEVICE_FAMILY = "1,2";
			};
			name = Debug;
		};
		650432731E89C416007C7169 /* Release */ = {
			isa = XCBuildConfiguration;
			buildSettings = {
				ALWAYS_SEARCH_USER_PATHS = NO;
				CLANG_ANALYZER_NONNULL = YES;
				CLANG_CXX_LANGUAGE_STANDARD = "gnu++0x";
				CLANG_CXX_LIBRARY = "libc++";
				CLANG_ENABLE_MODULES = YES;
				CLANG_ENABLE_OBJC_ARC = YES;
				CLANG_WARN_BOOL_CONVERSION = YES;
				CLANG_WARN_CONSTANT_CONVERSION = YES;
				CLANG_WARN_DIRECT_OBJC_ISA_USAGE = YES_ERROR;
				CLANG_WARN_DOCUMENTATION_COMMENTS = YES;
				CLANG_WARN_EMPTY_BODY = YES;
				CLANG_WARN_ENUM_CONVERSION = YES;
				CLANG_WARN_INFINITE_RECURSION = YES;
				CLANG_WARN_INT_CONVERSION = YES;
				CLANG_WARN_OBJC_ROOT_CLASS = YES_ERROR;
				CLANG_WARN_SUSPICIOUS_MOVE = YES;
				CLANG_WARN_UNREACHABLE_CODE = YES;
				CLANG_WARN__DUPLICATE_METHOD_MATCH = YES;
				"CODE_SIGN_IDENTITY[sdk=iphoneos*]" = "iPhone Developer";
				COPY_PHASE_STRIP = NO;
				DEBUG_INFORMATION_FORMAT = "dwarf-with-dsym";
				ENABLE_NS_ASSERTIONS = NO;
				ENABLE_STRICT_OBJC_MSGSEND = YES;
				GCC_C_LANGUAGE_STANDARD = gnu99;
				GCC_NO_COMMON_BLOCKS = YES;
				GCC_WARN_64_TO_32_BIT_CONVERSION = YES;
				GCC_WARN_ABOUT_RETURN_TYPE = YES_ERROR;
				GCC_WARN_UNDECLARED_SELECTOR = YES;
				GCC_WARN_UNINITIALIZED_AUTOS = YES_AGGRESSIVE;
				GCC_WARN_UNUSED_FUNCTION = YES;
				GCC_WARN_UNUSED_VARIABLE = YES;
				IPHONEOS_DEPLOYMENT_TARGET = 10.2;
				MTL_ENABLE_DEBUG_INFO = NO;
				SDKROOT = iphoneos;
				SWIFT_OPTIMIZATION_LEVEL = "-Owholemodule";
				TARGETED_DEVICE_FAMILY = "1,2";
				VALIDATE_PRODUCT = YES;
			};
			name = Release;
		};
		650432751E89C416007C7169 /* Debug */ = {
			isa = XCBuildConfiguration;
			baseConfigurationReference = 8395D0A798835743C072D858 /* Pods-CocoaFrameWorks_ClassExample.debug.xcconfig */;
			buildSettings = {
				ASSETCATALOG_COMPILER_APPICON_NAME = AppIcon;
				INFOPLIST_FILE = CocoaFrameWorks_ClassExample/Info.plist;
				LD_RUNPATH_SEARCH_PATHS = "$(inherited) @executable_path/Frameworks";
				PRODUCT_BUNDLE_IDENTIFIER = "com.example.CocoaFrameWorks-ClassExample";
				PRODUCT_NAME = "$(TARGET_NAME)";
				SWIFT_VERSION = 3.0;
			};
			name = Debug;
		};
		650432761E89C416007C7169 /* Release */ = {
			isa = XCBuildConfiguration;
			baseConfigurationReference = B0091E98472EFBD9611CD177 /* Pods-CocoaFrameWorks_ClassExample.release.xcconfig */;
			buildSettings = {
				ASSETCATALOG_COMPILER_APPICON_NAME = AppIcon;
				INFOPLIST_FILE = CocoaFrameWorks_ClassExample/Info.plist;
				LD_RUNPATH_SEARCH_PATHS = "$(inherited) @executable_path/Frameworks";
				PRODUCT_BUNDLE_IDENTIFIER = "com.example.CocoaFrameWorks-ClassExample";
				PRODUCT_NAME = "$(TARGET_NAME)";
				SWIFT_VERSION = 3.0;
			};
			name = Release;
		};
/* End XCBuildConfiguration section */

/* Begin XCConfigurationList section */
		6504325D1E89C416007C7169 /* Build configuration list for PBXProject "CocoaFrameWorks_ClassExample" */ = {
			isa = XCConfigurationList;
			buildConfigurations = (
				650432721E89C416007C7169 /* Debug */,
				650432731E89C416007C7169 /* Release */,
			);
			defaultConfigurationIsVisible = 0;
			defaultConfigurationName = Release;
		};
		650432741E89C416007C7169 /* Build configuration list for PBXNativeTarget "CocoaFrameWorks_ClassExample" */ = {
			isa = XCConfigurationList;
			buildConfigurations = (
				650432751E89C416007C7169 /* Debug */,
				650432761E89C416007C7169 /* Release */,
			);
			defaultConfigurationIsVisible = 0;
		};
/* End XCConfigurationList section */
	};
	rootObject = 6504325A1E89C416007C7169 /* Project object */;
}
