// !$*UTF8*$!
{
	archiveVersion = 1;
	classes = {
	};
	objectVersion = 46;
	objects = {

/* Begin PBXBuildFile section */
		652A08501F5724C200813D73 /* exercise2.m in Sources */ = {isa = PBXBuildFile; fileRef = 652A084F1F5724C200813D73 /* exercise2.m */; };
		652A08521F577F7500813D73 /* chapter4Examples.m in Sources */ = {isa = PBXBuildFile; fileRef = 652A08511F577F7500813D73 /* chapter4Examples.m */; };
		652A08541F58C8B800813D73 /* chapter4Exercises.m in Sources */ = {isa = PBXBuildFile; fileRef = 652A08531F58C8B800813D73 /* chapter4Exercises.m */; };
		652A08561F58DBA700813D73 /* chapter5Examples.m in Sources */ = {isa = PBXBuildFile; fileRef = 652A08551F58DBA700813D73 /* chapter5Examples.m */; };
		65796D5F1F5507180080D529 /* main.m in Sources */ = {isa = PBXBuildFile; fileRef = 65796D5E1F5507180080D529 /* main.m */; };
		65FA1B431F5A0F1D0017C99F /* chapter5Exercises.m in Sources */ = {isa = PBXBuildFile; fileRef = 65FA1B421F5A0F1D0017C99F /* chapter5Exercises.m */; };
/* End PBXBuildFile section */

/* Begin PBXCopyFilesBuildPhase section */
		65796D591F5507180080D529 /* CopyFiles */ = {
			isa = PBXCopyFilesBuildPhase;
			buildActionMask = 2147483647;
			dstPath = /usr/share/man/man1/;
			dstSubfolderSpec = 0;
			files = (
			);
			runOnlyForDeploymentPostprocessing = 1;
		};
/* End PBXCopyFilesBuildPhase section */

/* Begin PBXFileReference section */
		652A084F1F5724C200813D73 /* exercise2.m */ = {isa = PBXFileReference; fileEncoding = 4; lastKnownFileType = sourcecode.c.objc; path = exercise2.m; sourceTree = "<group>"; };
		652A08511F577F7500813D73 /* chapter4Examples.m */ = {isa = PBXFileReference; fileEncoding = 4; lastKnownFileType = sourcecode.c.objc; path = chapter4Examples.m; sourceTree = "<group>"; };
		652A08531F58C8B800813D73 /* chapter4Exercises.m */ = {isa = PBXFileReference; fileEncoding = 4; lastKnownFileType = sourcecode.c.objc; path = chapter4Exercises.m; sourceTree = "<group>"; };
		652A08551F58DBA700813D73 /* chapter5Examples.m */ = {isa = PBXFileReference; fileEncoding = 4; lastKnownFileType = sourcecode.c.objc; path = chapter5Examples.m; sourceTree = "<group>"; };
		65796D5B1F5507180080D529 /* prog1 */ = {isa = PBXFileReference; explicitFileType = "compiled.mach-o.executable"; includeInIndex = 0; path = prog1; sourceTree = BUILT_PRODUCTS_DIR; };
		65796D5E1F5507180080D529 /* main.m */ = {isa = PBXFileReference; lastKnownFileType = sourcecode.c.objc; path = main.m; sourceTree = "<group>"; };
		65FA1B421F5A0F1D0017C99F /* chapter5Exercises.m */ = {isa = PBXFileReference; fileEncoding = 4; lastKnownFileType = sourcecode.c.objc; path = chapter5Exercises.m; sourceTree = "<group>"; };
/* End PBXFileReference section */

/* Begin PBXFrameworksBuildPhase section */
		65796D581F5507180080D529 /* Frameworks */ = {
			isa = PBXFrameworksBuildPhase;
			buildActionMask = 2147483647;
			files = (
			);
			runOnlyForDeploymentPostprocessing = 0;
		};
/* End PBXFrameworksBuildPhase section */

/* Begin PBXGroup section */
		65796D521F5507180080D529 = {
			isa = PBXGroup;
			children = (
				65796D5D1F5507180080D529 /* prog1 */,
				65796D5C1F5507180080D529 /* Products */,
			);
			sourceTree = "<group>";
		};
		65796D5C1F5507180080D529 /* Products */ = {
			isa = PBXGroup;
			children = (
				65796D5B1F5507180080D529 /* prog1 */,
			);
			name = Products;
			sourceTree = "<group>";
		};
		65796D5D1F5507180080D529 /* prog1 */ = {
			isa = PBXGroup;
			children = (
				65796D5E1F5507180080D529 /* main.m */,
				652A084F1F5724C200813D73 /* exercise2.m */,
				652A08511F577F7500813D73 /* chapter4Examples.m */,
				652A08531F58C8B800813D73 /* chapter4Exercises.m */,
				652A08551F58DBA700813D73 /* chapter5Examples.m */,
				65FA1B421F5A0F1D0017C99F /* chapter5Exercises.m */,
			);
			path = prog1;
			sourceTree = "<group>";
		};
/* End PBXGroup section */

/* Begin PBXNativeTarget section */
		65796D5A1F5507180080D529 /* prog1 */ = {
			isa = PBXNativeTarget;
			buildConfigurationList = 65796D621F5507180080D529 /* Build configuration list for PBXNativeTarget "prog1" */;
			buildPhases = (
				65796D571F5507180080D529 /* Sources */,
				65796D581F5507180080D529 /* Frameworks */,
				65796D591F5507180080D529 /* CopyFiles */,
			);
			buildRules = (
			);
			dependencies = (
			);
			name = prog1;
			productName = prog1;
			productReference = 65796D5B1F5507180080D529 /* prog1 */;
			productType = "com.apple.product-type.tool";
		};
/* End PBXNativeTarget section */

/* Begin PBXProject section */
		65796D531F5507180080D529 /* Project object */ = {
			isa = PBXProject;
			attributes = {
				LastUpgradeCheck = 0830;
				ORGANIZATIONNAME = com.example;
				TargetAttributes = {
					65796D5A1F5507180080D529 = {
						CreatedOnToolsVersion = 8.3.3;
						DevelopmentTeam = WC2JB3CT65;
						ProvisioningStyle = Automatic;
					};
				};
			};
			buildConfigurationList = 65796D561F5507180080D529 /* Build configuration list for PBXProject "prog1" */;
			compatibilityVersion = "Xcode 3.2";
			developmentRegion = English;
			hasScannedForEncodings = 0;
			knownRegions = (
				en,
			);
			mainGroup = 65796D521F5507180080D529;
			productRefGroup = 65796D5C1F5507180080D529 /* Products */;
			projectDirPath = "";
			projectRoot = "";
			targets = (
				65796D5A1F5507180080D529 /* prog1 */,
			);
		};
/* End PBXProject section */

/* Begin PBXSourcesBuildPhase section */
		65796D571F5507180080D529 /* Sources */ = {
			isa = PBXSourcesBuildPhase;
			buildActionMask = 2147483647;
			files = (
				652A08541F58C8B800813D73 /* chapter4Exercises.m in Sources */,
				652A08521F577F7500813D73 /* chapter4Examples.m in Sources */,
				652A08501F5724C200813D73 /* exercise2.m in Sources */,
				652A08561F58DBA700813D73 /* chapter5Examples.m in Sources */,
				65796D5F1F5507180080D529 /* main.m in Sources */,
				65FA1B431F5A0F1D0017C99F /* chapter5Exercises.m in Sources */,
			);
			runOnlyForDeploymentPostprocessing = 0;
		};
/* End PBXSourcesBuildPhase section */

/* Begin XCBuildConfiguration section */
		65796D601F5507180080D529 /* Debug */ = {
			isa = XCBuildConfiguration;
			buildSettings = {
				ALWAYS_SEARCH_USER_PATHS = NO;
				CLANG_ANALYZER_NONNULL = YES;
				CLANG_ANALYZER_NUMBER_OBJECT_CONVERSION = YES_AGGRESSIVE;
				CLANG_CXX_LANGUAGE_STANDARD = "gnu++0x";
				CLANG_CXX_LIBRARY = "libc++";
				CLANG_ENABLE_MODULES = YES;
				CLANG_ENABLE_OBJC_ARC = YES;
				CLANG_WARN_BOOL_CONVERSION = YES;
				CLANG_WARN_CONSTANT_CONVERSION = YES;
				CLANG_WARN_DIRECT_OBJC_ISA_USAGE = YES_ERROR;
				CLANG_WARN_DOCUMENTATION_COMMENTS = YES;
				CLANG_WARN_EMPTY_BODY = YES;
				CLANG_WARN_ENUM_CONVERSION = YES;
				CLANG_WARN_INFINITE_RECURSION = YES;
				CLANG_WARN_INT_CONVERSION = YES;
				CLANG_WARN_OBJC_ROOT_CLASS = YES_ERROR;
				CLANG_WARN_SUSPICIOUS_MOVE = YES;
				CLANG_WARN_UNREACHABLE_CODE = YES;
				CLANG_WARN__DUPLICATE_METHOD_MATCH = YES;
				CODE_SIGN_IDENTITY = "-";
				COPY_PHASE_STRIP = NO;
				DEBUG_INFORMATION_FORMAT = dwarf;
				ENABLE_STRICT_OBJC_MSGSEND = YES;
				ENABLE_TESTABILITY = YES;
				GCC_C_LANGUAGE_STANDARD = gnu99;
				GCC_DYNAMIC_NO_PIC = NO;
				GCC_NO_COMMON_BLOCKS = YES;
				GCC_OPTIMIZATION_LEVEL = 0;
				GCC_PREPROCESSOR_DEFINITIONS = (
					"DEBUG=1",
					"$(inherited)",
				);
				GCC_WARN_64_TO_32_BIT_CONVERSION = YES;
				GCC_WARN_ABOUT_RETURN_TYPE = YES_ERROR;
				GCC_WARN_UNDECLARED_SELECTOR = YES;
				GCC_WARN_UNINITIALIZED_AUTOS = YES_AGGRESSIVE;
				GCC_WARN_UNUSED_FUNCTION = YES;
				GCC_WARN_UNUSED_VARIABLE = YES;
				MACOSX_DEPLOYMENT_TARGET = 10.12;
				MTL_ENABLE_DEBUG_INFO = YES;
				ONLY_ACTIVE_ARCH = YES;
				SDKROOT = macosx;
			};
			name = Debug;
		};
		65796D611F5507180080D529 /* Release */ = {
			isa = XCBuildConfiguration;
			buildSettings = {
				ALWAYS_SEARCH_USER_PATHS = NO;
				CLANG_ANALYZER_NONNULL = YES;
				CLANG_ANALYZER_NUMBER_OBJECT_CONVERSION = YES_AGGRESSIVE;
				CLANG_CXX_LANGUAGE_STANDARD = "gnu++0x";
				CLANG_CXX_LIBRARY = "libc++";
				CLANG_ENABLE_MODULES = YES;
				CLANG_ENABLE_OBJC_ARC = YES;
				CLANG_WARN_BOOL_CONVERSION = YES;
				CLANG_WARN_CONSTANT_CONVERSION = YES;
				CLANG_WARN_DIRECT_OBJC_ISA_USAGE = YES_ERROR;
				CLANG_WARN_DOCUMENTATION_COMMENTS = YES;
				CLANG_WARN_EMPTY_BODY = YES;
				CLANG_WARN_ENUM_CONVERSION = YES;
				CLANG_WARN_INFINITE_RECURSION = YES;
				CLANG_WARN_INT_CONVERSION = YES;
				CLANG_WARN_OBJC_ROOT_CLASS = YES_ERROR;
				CLANG_WARN_SUSPICIOUS_MOVE = YES;
				CLANG_WARN_UNREACHABLE_CODE = YES;
				CLANG_WARN__DUPLICATE_METHOD_MATCH = YES;
				CODE_SIGN_IDENTITY = "-";
				COPY_PHASE_STRIP = NO;
				DEBUG_INFORMATION_FORMAT = "dwarf-with-dsym";
				ENABLE_NS_ASSERTIONS = NO;
				ENABLE_STRICT_OBJC_MSGSEND = YES;
				GCC_C_LANGUAGE_STANDARD = gnu99;
				GCC_NO_COMMON_BLOCKS = YES;
				GCC_WARN_64_TO_32_BIT_CONVERSION = YES;
				GCC_WARN_ABOUT_RETURN_TYPE = YES_ERROR;
				GCC_WARN_UNDECLARED_SELECTOR = YES;
				GCC_WARN_UNINITIALIZED_AUTOS = YES_AGGRESSIVE;
				GCC_WARN_UNUSED_FUNCTION = YES;
				GCC_WARN_UNUSED_VARIABLE = YES;
				MACOSX_DEPLOYMENT_TARGET = 10.12;
				MTL_ENABLE_DEBUG_INFO = NO;
				SDKROOT = macosx;
			};
			name = Release;
		};
		65796D631F5507180080D529 /* Debug */ = {
			isa = XCBuildConfiguration;
			buildSettings = {
				DEVELOPMENT_TEAM = WC2JB3CT65;
				PRODUCT_NAME = "$(TARGET_NAME)";
			};
			name = Debug;
		};
		65796D641F5507180080D529 /* Release */ = {
			isa = XCBuildConfiguration;
			buildSettings = {
				DEVELOPMENT_TEAM = WC2JB3CT65;
				PRODUCT_NAME = "$(TARGET_NAME)";
			};
			name = Release;
		};
/* End XCBuildConfiguration section */

/* Begin XCConfigurationList section */
		65796D561F5507180080D529 /* Build configuration list for PBXProject "prog1" */ = {
			isa = XCConfigurationList;
			buildConfigurations = (
				65796D601F5507180080D529 /* Debug */,
				65796D611F5507180080D529 /* Release */,
			);
			defaultConfigurationIsVisible = 0;
			defaultConfigurationName = Release;
		};
		65796D621F5507180080D529 /* Build configuration list for PBXNativeTarget "prog1" */ = {
			isa = XCConfigurationList;
			buildConfigurations = (
				65796D631F5507180080D529 /* Debug */,
				65796D641F5507180080D529 /* Release */,
			);
			defaultConfigurationIsVisible = 0;
			defaultConfigurationName = Release;
		};
/* End XCConfigurationList section */
	};
	rootObject = 65796D531F5507180080D529 /* Project object */;
}
