// !$*UTF8*$!
{
	archiveVersion = 1;
	classes = {
	};
	objectVersion = 46;
	objects = {

/* Begin PBXBuildFile section */
		658D92BD1F4B652E00EC02A4 /* AppDelegate.swift in Sources */ = {isa = PBXBuildFile; fileRef = 658D92BC1F4B652E00EC02A4 /* AppDelegate.swift */; };
		658D92BF1F4B652E00EC02A4 /* ViewController.swift in Sources */ = {isa = PBXBuildFile; fileRef = 658D92BE1F4B652E00EC02A4 /* ViewController.swift */; };
		658D92C21F4B652E00EC02A4 /* Main.storyboard in Resources */ = {isa = PBXBuildFile; fileRef = 658D92C01F4B652E00EC02A4 /* Main.storyboard */; };
		658D92C41F4B652E00EC02A4 /* Assets.xcassets in Resources */ = {isa = PBXBuildFile; fileRef = 658D92C31F4B652E00EC02A4 /* Assets.xcassets */; };
		658D92C71F4B652E00EC02A4 /* LaunchScreen.storyboard in Resources */ = {isa = PBXBuildFile; fileRef = 658D92C51F4B652E00EC02A4 /* LaunchScreen.storyboard */; };
/* End PBXBuildFile section */

/* Begin PBXFileReference section */
		658D92B91F4B652E00EC02A4 /* TapGestureRecognizer.app */ = {isa = PBXFileReference; explicitFileType = wrapper.application; includeInIndex = 0; path = TapGestureRecognizer.app; sourceTree = BUILT_PRODUCTS_DIR; };
		658D92BC1F4B652E00EC02A4 /* AppDelegate.swift */ = {isa = PBXFileReference; lastKnownFileType = sourcecode.swift; path = AppDelegate.swift; sourceTree = "<group>"; };
		658D92BE1F4B652E00EC02A4 /* ViewController.swift */ = {isa = PBXFileReference; lastKnownFileType = sourcecode.swift; path = ViewController.swift; sourceTree = "<group>"; };
		658D92C11F4B652E00EC02A4 /* Base */ = {isa = PBXFileReference; lastKnownFileType = file.storyboard; name = Base; path = Base.lproj/Main.storyboard; sourceTree = "<group>"; };
		658D92C31F4B652E00EC02A4 /* Assets.xcassets */ = {isa = PBXFileReference; lastKnownFileType = folder.assetcatalog; path = Assets.xcassets; sourceTree = "<group>"; };
		658D92C61F4B652E00EC02A4 /* Base */ = {isa = PBXFileReference; lastKnownFileType = file.storyboard; name = Base; path = Base.lproj/LaunchScreen.storyboard; sourceTree = "<group>"; };
		658D92C81F4B652E00EC02A4 /* Info.plist */ = {isa = PBXFileReference; lastKnownFileType = text.plist.xml; path = Info.plist; sourceTree = "<group>"; };
/* End PBXFileReference section */

/* Begin PBXFrameworksBuildPhase section */
		658D92B61F4B652E00EC02A4 /* Frameworks */ = {
			isa = PBXFrameworksBuildPhase;
			buildActionMask = 2147483647;
			files = (
			);
			runOnlyForDeploymentPostprocessing = 0;
		};
/* End PBXFrameworksBuildPhase section */

/* Begin PBXGroup section */
		658D92B01F4B652E00EC02A4 = {
			isa = PBXGroup;
			children = (
				658D92BB1F4B652E00EC02A4 /* TapGestureRecognizer */,
				658D92BA1F4B652E00EC02A4 /* Products */,
			);
			sourceTree = "<group>";
		};
		658D92BA1F4B652E00EC02A4 /* Products */ = {
			isa = PBXGroup;
			children = (
				658D92B91F4B652E00EC02A4 /* TapGestureRecognizer.app */,
			);
			name = Products;
			sourceTree = "<group>";
		};
		658D92BB1F4B652E00EC02A4 /* TapGestureRecognizer */ = {
			isa = PBXGroup;
			children = (
				658D92BC1F4B652E00EC02A4 /* AppDelegate.swift */,
				658D92BE1F4B652E00EC02A4 /* ViewController.swift */,
				658D92C01F4B652E00EC02A4 /* Main.storyboard */,
				658D92C31F4B652E00EC02A4 /* Assets.xcassets */,
				658D92C51F4B652E00EC02A4 /* LaunchScreen.storyboard */,
				658D92C81F4B652E00EC02A4 /* Info.plist */,
			);
			path = TapGestureRecognizer;
			sourceTree = "<group>";
		};
/* End PBXGroup section */

/* Begin PBXNativeTarget section */
		658D92B81F4B652E00EC02A4 /* TapGestureRecognizer */ = {
			isa = PBXNativeTarget;
			buildConfigurationList = 658D92CB1F4B652E00EC02A4 /* Build configuration list for PBXNativeTarget "TapGestureRecognizer" */;
			buildPhases = (
				658D92B51F4B652E00EC02A4 /* Sources */,
				658D92B61F4B652E00EC02A4 /* Frameworks */,
				658D92B71F4B652E00EC02A4 /* Resources */,
			);
			buildRules = (
			);
			dependencies = (
			);
			name = TapGestureRecognizer;
			productName = TapGestureRecognizer;
			productReference = 658D92B91F4B652E00EC02A4 /* TapGestureRecognizer.app */;
			productType = "com.apple.product-type.application";
		};
/* End PBXNativeTarget section */

/* Begin PBXProject section */
		658D92B11F4B652E00EC02A4 /* Project object */ = {
			isa = PBXProject;
			attributes = {
				LastSwiftUpdateCheck = 0830;
				LastUpgradeCheck = 0830;
				ORGANIZATIONNAME = com.example;
				TargetAttributes = {
					658D92B81F4B652E00EC02A4 = {
						CreatedOnToolsVersion = 8.3.3;
						DevelopmentTeam = WC2JB3CT65;
						ProvisioningStyle = Automatic;
					};
				};
			};
			buildConfigurationList = 658D92B41F4B652E00EC02A4 /* Build configuration list for PBXProject "TapGestureRecognizer" */;
			compatibilityVersion = "Xcode 3.2";
			developmentRegion = English;
			hasScannedForEncodings = 0;
			knownRegions = (
				en,
				Base,
			);
			mainGroup = 658D92B01F4B652E00EC02A4;
			productRefGroup = 658D92BA1F4B652E00EC02A4 /* Products */;
			projectDirPath = "";
			projectRoot = "";
			targets = (
				658D92B81F4B652E00EC02A4 /* TapGestureRecognizer */,
			);
		};
/* End PBXProject section */

/* Begin PBXResourcesBuildPhase section */
		658D92B71F4B652E00EC02A4 /* Resources */ = {
			isa = PBXResourcesBuildPhase;
			buildActionMask = 2147483647;
			files = (
				658D92C71F4B652E00EC02A4 /* LaunchScreen.storyboard in Resources */,
				658D92C41F4B652E00EC02A4 /* Assets.xcassets in Resources */,
				658D92C21F4B652E00EC02A4 /* Main.storyboard in Resources */,
			);
			runOnlyForDeploymentPostprocessing = 0;
		};
/* End PBXResourcesBuildPhase section */

/* Begin PBXSourcesBuildPhase section */
		658D92B51F4B652E00EC02A4 /* Sources */ = {
			isa = PBXSourcesBuildPhase;
			buildActionMask = 2147483647;
			files = (
				658D92BF1F4B652E00EC02A4 /* ViewController.swift in Sources */,
				658D92BD1F4B652E00EC02A4 /* AppDelegate.swift in Sources */,
			);
			runOnlyForDeploymentPostprocessing = 0;
		};
/* End PBXSourcesBuildPhase section */

/* Begin PBXVariantGroup section */
		658D92C01F4B652E00EC02A4 /* Main.storyboard */ = {
			isa = PBXVariantGroup;
			children = (
				658D92C11F4B652E00EC02A4 /* Base */,
			);
			name = Main.storyboard;
			sourceTree = "<group>";
		};
		658D92C51F4B652E00EC02A4 /* LaunchScreen.storyboard */ = {
			isa = PBXVariantGroup;
			children = (
				658D92C61F4B652E00EC02A4 /* Base */,
			);
			name = LaunchScreen.storyboard;
			sourceTree = "<group>";
		};
/* End PBXVariantGroup section */

/* Begin XCBuildConfiguration section */
		658D92C91F4B652E00EC02A4 /* Debug */ = {
			isa = XCBuildConfiguration;
			buildSettings = {
				ALWAYS_SEARCH_USER_PATHS = NO;
				CLANG_ANALYZER_NONNULL = YES;
				CLANG_ANALYZER_NUMBER_OBJECT_CONVERSION = YES_AGGRESSIVE;
				CLANG_CXX_LANGUAGE_STANDARD = "gnu++0x";
				CLANG_CXX_LIBRARY = "libc++";
				CLANG_ENABLE_MODULES = YES;
				CLANG_ENABLE_OBJC_ARC = YES;
				CLANG_WARN_BOOL_CONVERSION = YES;
				CLANG_WARN_CONSTANT_CONVERSION = YES;
				CLANG_WARN_DIRECT_OBJC_ISA_USAGE = YES_ERROR;
				CLANG_WARN_DOCUMENTATION_COMMENTS = YES;
				CLANG_WARN_EMPTY_BODY = YES;
				CLANG_WARN_ENUM_CONVERSION = YES;
				CLANG_WARN_INFINITE_RECURSION = YES;
				CLANG_WARN_INT_CONVERSION = YES;
				CLANG_WARN_OBJC_ROOT_CLASS = YES_ERROR;
				CLANG_WARN_SUSPICIOUS_MOVE = YES;
				CLANG_WARN_UNREACHABLE_CODE = YES;
				CLANG_WARN__DUPLICATE_METHOD_MATCH = YES;
				"CODE_SIGN_IDENTITY[sdk=iphoneos*]" = "iPhone Developer";
				COPY_PHASE_STRIP = NO;
				DEBUG_INFORMATION_FORMAT = dwarf;
				ENABLE_STRICT_OBJC_MSGSEND = YES;
				ENABLE_TESTABILITY = YES;
				GCC_C_LANGUAGE_STANDARD = gnu99;
				GCC_DYNAMIC_NO_PIC = NO;
				GCC_NO_COMMON_BLOCKS = YES;
				GCC_OPTIMIZATION_LEVEL = 0;
				GCC_PREPROCESSOR_DEFINITIONS = (
					"DEBUG=1",
					"$(inherited)",
				);
				GCC_WARN_64_TO_32_BIT_CONVERSION = YES;
				GCC_WARN_ABOUT_RETURN_TYPE = YES_ERROR;
				GCC_WARN_UNDECLARED_SELECTOR = YES;
				GCC_WARN_UNINITIALIZED_AUTOS = YES_AGGRESSIVE;
				GCC_WARN_UNUSED_FUNCTION = YES;
				GCC_WARN_UNUSED_VARIABLE = YES;
				IPHONEOS_DEPLOYMENT_TARGET = 10.3;
				MTL_ENABLE_DEBUG_INFO = YES;
				ONLY_ACTIVE_ARCH = YES;
				SDKROOT = iphoneos;
				SWIFT_ACTIVE_COMPILATION_CONDITIONS = DEBUG;
				SWIFT_OPTIMIZATION_LEVEL = "-Onone";
				TARGETED_DEVICE_FAMILY = "1,2";
			};
			name = Debug;
		};
		658D92CA1F4B652E00EC02A4 /* Release */ = {
			isa = XCBuildConfiguration;
			buildSettings = {
				ALWAYS_SEARCH_USER_PATHS = NO;
				CLANG_ANALYZER_NONNULL = YES;
				CLANG_ANALYZER_NUMBER_OBJECT_CONVERSION = YES_AGGRESSIVE;
				CLANG_CXX_LANGUAGE_STANDARD = "gnu++0x";
				CLANG_CXX_LIBRARY = "libc++";
				CLANG_ENABLE_MODULES = YES;
				CLANG_ENABLE_OBJC_ARC = YES;
				CLANG_WARN_BOOL_CONVERSION = YES;
				CLANG_WARN_CONSTANT_CONVERSION = YES;
				CLANG_WARN_DIRECT_OBJC_ISA_USAGE = YES_ERROR;
				CLANG_WARN_DOCUMENTATION_COMMENTS = YES;
				CLANG_WARN_EMPTY_BODY = YES;
				CLANG_WARN_ENUM_CONVERSION = YES;
				CLANG_WARN_INFINITE_RECURSION = YES;
				CLANG_WARN_INT_CONVERSION = YES;
				CLANG_WARN_OBJC_ROOT_CLASS = YES_ERROR;
				CLANG_WARN_SUSPICIOUS_MOVE = YES;
				CLANG_WARN_UNREACHABLE_CODE = YES;
				CLANG_WARN__DUPLICATE_METHOD_MATCH = YES;
				"CODE_SIGN_IDENTITY[sdk=iphoneos*]" = "iPhone Developer";
				COPY_PHASE_STRIP = NO;
				DEBUG_INFORMATION_FORMAT = "dwarf-with-dsym";
				ENABLE_NS_ASSERTIONS = NO;
				ENABLE_STRICT_OBJC_MSGSEND = YES;
				GCC_C_LANGUAGE_STANDARD = gnu99;
				GCC_NO_COMMON_BLOCKS = YES;
				GCC_WARN_64_TO_32_BIT_CONVERSION = YES;
				GCC_WARN_ABOUT_RETURN_TYPE = YES_ERROR;
				GCC_WARN_UNDECLARED_SELECTOR = YES;
				GCC_WARN_UNINITIALIZED_AUTOS = YES_AGGRESSIVE;
				GCC_WARN_UNUSED_FUNCTION = YES;
				GCC_WARN_UNUSED_VARIABLE = YES;
				IPHONEOS_DEPLOYMENT_TARGET = 10.3;
				MTL_ENABLE_DEBUG_INFO = NO;
				SDKROOT = iphoneos;
				SWIFT_OPTIMIZATION_LEVEL = "-Owholemodule";
				TARGETED_DEVICE_FAMILY = "1,2";
				VALIDATE_PRODUCT = YES;
			};
			name = Release;
		};
		658D92CC1F4B652E00EC02A4 /* Debug */ = {
			isa = XCBuildConfiguration;
			buildSettings = {
				ASSETCATALOG_COMPILER_APPICON_NAME = AppIcon;
				DEVELOPMENT_TEAM = WC2JB3CT65;
				INFOPLIST_FILE = TapGestureRecognizer/Info.plist;
				LD_RUNPATH_SEARCH_PATHS = "$(inherited) @executable_path/Frameworks";
				PRODUCT_BUNDLE_IDENTIFIER = com.example.TapGestureRecognizer;
				PRODUCT_NAME = "$(TARGET_NAME)";
				SWIFT_VERSION = 3.0;
			};
			name = Debug;
		};
		658D92CD1F4B652E00EC02A4 /* Release */ = {
			isa = XCBuildConfiguration;
			buildSettings = {
				ASSETCATALOG_COMPILER_APPICON_NAME = AppIcon;
				DEVELOPMENT_TEAM = WC2JB3CT65;
				INFOPLIST_FILE = TapGestureRecognizer/Info.plist;
				LD_RUNPATH_SEARCH_PATHS = "$(inherited) @executable_path/Frameworks";
				PRODUCT_BUNDLE_IDENTIFIER = com.example.TapGestureRecognizer;
				PRODUCT_NAME = "$(TARGET_NAME)";
				SWIFT_VERSION = 3.0;
			};
			name = Release;
		};
/* End XCBuildConfiguration section */

/* Begin XCConfigurationList section */
		658D92B41F4B652E00EC02A4 /* Build configuration list for PBXProject "TapGestureRecognizer" */ = {
			isa = XCConfigurationList;
			buildConfigurations = (
				658D92C91F4B652E00EC02A4 /* Debug */,
				658D92CA1F4B652E00EC02A4 /* Release */,
			);
			defaultConfigurationIsVisible = 0;
			defaultConfigurationName = Release;
		};
		658D92CB1F4B652E00EC02A4 /* Build configuration list for PBXNativeTarget "TapGestureRecognizer" */ = {
			isa = XCConfigurationList;
			buildConfigurations = (
				658D92CC1F4B652E00EC02A4 /* Debug */,
				658D92CD1F4B652E00EC02A4 /* Release */,
			);
			defaultConfigurationIsVisible = 0;
		};
/* End XCConfigurationList section */
	};
	rootObject = 658D92B11F4B652E00EC02A4 /* Project object */;
}
