// !$*UTF8*$!
{
	archiveVersion = 1;
	classes = {
	};
	objectVersion = 46;
	objects = {

/* Begin PBXBuildFile section */
		659C72391EC82BAA00633E4D /* AppDelegate.swift in Sources */ = {isa = PBXBuildFile; fileRef = 659C72381EC82BAA00633E4D /* AppDelegate.swift */; };
		659C723B1EC82BAA00633E4D /* ViewController.swift in Sources */ = {isa = PBXBuildFile; fileRef = 659C723A1EC82BAA00633E4D /* ViewController.swift */; };
		659C723E1EC82BAA00633E4D /* Main.storyboard in Resources */ = {isa = PBXBuildFile; fileRef = 659C723C1EC82BAA00633E4D /* Main.storyboard */; };
		659C72401EC82BAA00633E4D /* Assets.xcassets in Resources */ = {isa = PBXBuildFile; fileRef = 659C723F1EC82BAA00633E4D /* Assets.xcassets */; };
		659C72431EC82BAA00633E4D /* LaunchScreen.storyboard in Resources */ = {isa = PBXBuildFile; fileRef = 659C72411EC82BAA00633E4D /* LaunchScreen.storyboard */; };
/* End PBXBuildFile section */

/* Begin PBXFileReference section */
		659C72351EC82BAA00633E4D /* warGame.app */ = {isa = PBXFileReference; explicitFileType = wrapper.application; includeInIndex = 0; path = warGame.app; sourceTree = BUILT_PRODUCTS_DIR; };
		659C72381EC82BAA00633E4D /* AppDelegate.swift */ = {isa = PBXFileReference; lastKnownFileType = sourcecode.swift; path = AppDelegate.swift; sourceTree = "<group>"; };
		659C723A1EC82BAA00633E4D /* ViewController.swift */ = {isa = PBXFileReference; lastKnownFileType = sourcecode.swift; path = ViewController.swift; sourceTree = "<group>"; };
		659C723D1EC82BAA00633E4D /* Base */ = {isa = PBXFileReference; lastKnownFileType = file.storyboard; name = Base; path = Base.lproj/Main.storyboard; sourceTree = "<group>"; };
		659C723F1EC82BAA00633E4D /* Assets.xcassets */ = {isa = PBXFileReference; lastKnownFileType = folder.assetcatalog; path = Assets.xcassets; sourceTree = "<group>"; };
		659C72421EC82BAA00633E4D /* Base */ = {isa = PBXFileReference; lastKnownFileType = file.storyboard; name = Base; path = Base.lproj/LaunchScreen.storyboard; sourceTree = "<group>"; };
		659C72441EC82BAA00633E4D /* Info.plist */ = {isa = PBXFileReference; lastKnownFileType = text.plist.xml; path = Info.plist; sourceTree = "<group>"; };
/* End PBXFileReference section */

/* Begin PBXFrameworksBuildPhase section */
		659C72321EC82BAA00633E4D /* Frameworks */ = {
			isa = PBXFrameworksBuildPhase;
			buildActionMask = 2147483647;
			files = (
			);
			runOnlyForDeploymentPostprocessing = 0;
		};
/* End PBXFrameworksBuildPhase section */

/* Begin PBXGroup section */
		659C722C1EC82BAA00633E4D = {
			isa = PBXGroup;
			children = (
				659C72371EC82BAA00633E4D /* warGame */,
				659C72361EC82BAA00633E4D /* Products */,
			);
			sourceTree = "<group>";
		};
		659C72361EC82BAA00633E4D /* Products */ = {
			isa = PBXGroup;
			children = (
				659C72351EC82BAA00633E4D /* warGame.app */,
			);
			name = Products;
			sourceTree = "<group>";
		};
		659C72371EC82BAA00633E4D /* warGame */ = {
			isa = PBXGroup;
			children = (
				659C72381EC82BAA00633E4D /* AppDelegate.swift */,
				659C723A1EC82BAA00633E4D /* ViewController.swift */,
				659C723C1EC82BAA00633E4D /* Main.storyboard */,
				659C723F1EC82BAA00633E4D /* Assets.xcassets */,
				659C72411EC82BAA00633E4D /* LaunchScreen.storyboard */,
				659C72441EC82BAA00633E4D /* Info.plist */,
			);
			path = warGame;
			sourceTree = "<group>";
		};
/* End PBXGroup section */

/* Begin PBXNativeTarget section */
		659C72341EC82BAA00633E4D /* warGame */ = {
			isa = PBXNativeTarget;
			buildConfigurationList = 659C72471EC82BAA00633E4D /* Build configuration list for PBXNativeTarget "warGame" */;
			buildPhases = (
				659C72311EC82BAA00633E4D /* Sources */,
				659C72321EC82BAA00633E4D /* Frameworks */,
				659C72331EC82BAA00633E4D /* Resources */,
			);
			buildRules = (
			);
			dependencies = (
			);
			name = warGame;
			productName = warGame;
			productReference = 659C72351EC82BAA00633E4D /* warGame.app */;
			productType = "com.apple.product-type.application";
		};
/* End PBXNativeTarget section */

/* Begin PBXProject section */
		659C722D1EC82BAA00633E4D /* Project object */ = {
			isa = PBXProject;
			attributes = {
				LastSwiftUpdateCheck = 0830;
				LastUpgradeCheck = 0830;
				ORGANIZATIONNAME = com.example;
				TargetAttributes = {
					659C72341EC82BAA00633E4D = {
						CreatedOnToolsVersion = 8.3.2;
						DevelopmentTeam = WC2JB3CT65;
						ProvisioningStyle = Automatic;
					};
				};
			};
			buildConfigurationList = 659C72301EC82BAA00633E4D /* Build configuration list for PBXProject "warGame" */;
			compatibilityVersion = "Xcode 3.2";
			developmentRegion = English;
			hasScannedForEncodings = 0;
			knownRegions = (
				en,
				Base,
			);
			mainGroup = 659C722C1EC82BAA00633E4D;
			productRefGroup = 659C72361EC82BAA00633E4D /* Products */;
			projectDirPath = "";
			projectRoot = "";
			targets = (
				659C72341EC82BAA00633E4D /* warGame */,
			);
		};
/* End PBXProject section */

/* Begin PBXResourcesBuildPhase section */
		659C72331EC82BAA00633E4D /* Resources */ = {
			isa = PBXResourcesBuildPhase;
			buildActionMask = 2147483647;
			files = (
				659C72431EC82BAA00633E4D /* LaunchScreen.storyboard in Resources */,
				659C72401EC82BAA00633E4D /* Assets.xcassets in Resources */,
				659C723E1EC82BAA00633E4D /* Main.storyboard in Resources */,
			);
			runOnlyForDeploymentPostprocessing = 0;
		};
/* End PBXResourcesBuildPhase section */

/* Begin PBXSourcesBuildPhase section */
		659C72311EC82BAA00633E4D /* Sources */ = {
			isa = PBXSourcesBuildPhase;
			buildActionMask = 2147483647;
			files = (
				659C723B1EC82BAA00633E4D /* ViewController.swift in Sources */,
				659C72391EC82BAA00633E4D /* AppDelegate.swift in Sources */,
			);
			runOnlyForDeploymentPostprocessing = 0;
		};
/* End PBXSourcesBuildPhase section */

/* Begin PBXVariantGroup section */
		659C723C1EC82BAA00633E4D /* Main.storyboard */ = {
			isa = PBXVariantGroup;
			children = (
				659C723D1EC82BAA00633E4D /* Base */,
			);
			name = Main.storyboard;
			sourceTree = "<group>";
		};
		659C72411EC82BAA00633E4D /* LaunchScreen.storyboard */ = {
			isa = PBXVariantGroup;
			children = (
				659C72421EC82BAA00633E4D /* Base */,
			);
			name = LaunchScreen.storyboard;
			sourceTree = "<group>";
		};
/* End PBXVariantGroup section */

/* Begin XCBuildConfiguration section */
		659C72451EC82BAA00633E4D /* Debug */ = {
			isa = XCBuildConfiguration;
			buildSettings = {
				ALWAYS_SEARCH_USER_PATHS = NO;
				CLANG_ANALYZER_NONNULL = YES;
				CLANG_ANALYZER_NUMBER_OBJECT_CONVERSION = YES_AGGRESSIVE;
				CLANG_CXX_LANGUAGE_STANDARD = "gnu++0x";
				CLANG_CXX_LIBRARY = "libc++";
				CLANG_ENABLE_MODULES = YES;
				CLANG_ENABLE_OBJC_ARC = YES;
				CLANG_WARN_BOOL_CONVERSION = YES;
				CLANG_WARN_CONSTANT_CONVERSION = YES;
				CLANG_WARN_DIRECT_OBJC_ISA_USAGE = YES_ERROR;
				CLANG_WARN_DOCUMENTATION_COMMENTS = YES;
				CLANG_WARN_EMPTY_BODY = YES;
				CLANG_WARN_ENUM_CONVERSION = YES;
				CLANG_WARN_INFINITE_RECURSION = YES;
				CLANG_WARN_INT_CONVERSION = YES;
				CLANG_WARN_OBJC_ROOT_CLASS = YES_ERROR;
				CLANG_WARN_SUSPICIOUS_MOVE = YES;
				CLANG_WARN_UNREACHABLE_CODE = YES;
				CLANG_WARN__DUPLICATE_METHOD_MATCH = YES;
				"CODE_SIGN_IDENTITY[sdk=iphoneos*]" = "iPhone Developer";
				COPY_PHASE_STRIP = NO;
				DEBUG_INFORMATION_FORMAT = dwarf;
				ENABLE_STRICT_OBJC_MSGSEND = YES;
				ENABLE_TESTABILITY = YES;
				GCC_C_LANGUAGE_STANDARD = gnu99;
				GCC_DYNAMIC_NO_PIC = NO;
				GCC_NO_COMMON_BLOCKS = YES;
				GCC_OPTIMIZATION_LEVEL = 0;
				GCC_PREPROCESSOR_DEFINITIONS = (
					"DEBUG=1",
					"$(inherited)",
				);
				GCC_WARN_64_TO_32_BIT_CONVERSION = YES;
				GCC_WARN_ABOUT_RETURN_TYPE = YES_ERROR;
				GCC_WARN_UNDECLARED_SELECTOR = YES;
				GCC_WARN_UNINITIALIZED_AUTOS = YES_AGGRESSIVE;
				GCC_WARN_UNUSED_FUNCTION = YES;
				GCC_WARN_UNUSED_VARIABLE = YES;
				IPHONEOS_DEPLOYMENT_TARGET = 10.3;
				MTL_ENABLE_DEBUG_INFO = YES;
				ONLY_ACTIVE_ARCH = YES;
				SDKROOT = iphoneos;
				SWIFT_ACTIVE_COMPILATION_CONDITIONS = DEBUG;
				SWIFT_OPTIMIZATION_LEVEL = "-Onone";
				TARGETED_DEVICE_FAMILY = "1,2";
			};
			name = Debug;
		};
		659C72461EC82BAA00633E4D /* Release */ = {
			isa = XCBuildConfiguration;
			buildSettings = {
				ALWAYS_SEARCH_USER_PATHS = NO;
				CLANG_ANALYZER_NONNULL = YES;
				CLANG_ANALYZER_NUMBER_OBJECT_CONVERSION = YES_AGGRESSIVE;
				CLANG_CXX_LANGUAGE_STANDARD = "gnu++0x";
				CLANG_CXX_LIBRARY = "libc++";
				CLANG_ENABLE_MODULES = YES;
				CLANG_ENABLE_OBJC_ARC = YES;
				CLANG_WARN_BOOL_CONVERSION = YES;
				CLANG_WARN_CONSTANT_CONVERSION = YES;
				CLANG_WARN_DIRECT_OBJC_ISA_USAGE = YES_ERROR;
				CLANG_WARN_DOCUMENTATION_COMMENTS = YES;
				CLANG_WARN_EMPTY_BODY = YES;
				CLANG_WARN_ENUM_CONVERSION = YES;
				CLANG_WARN_INFINITE_RECURSION = YES;
				CLANG_WARN_INT_CONVERSION = YES;
				CLANG_WARN_OBJC_ROOT_CLASS = YES_ERROR;
				CLANG_WARN_SUSPICIOUS_MOVE = YES;
				CLANG_WARN_UNREACHABLE_CODE = YES;
				CLANG_WARN__DUPLICATE_METHOD_MATCH = YES;
				"CODE_SIGN_IDENTITY[sdk=iphoneos*]" = "iPhone Developer";
				COPY_PHASE_STRIP = NO;
				DEBUG_INFORMATION_FORMAT = "dwarf-with-dsym";
				ENABLE_NS_ASSERTIONS = NO;
				ENABLE_STRICT_OBJC_MSGSEND = YES;
				GCC_C_LANGUAGE_STANDARD = gnu99;
				GCC_NO_COMMON_BLOCKS = YES;
				GCC_WARN_64_TO_32_BIT_CONVERSION = YES;
				GCC_WARN_ABOUT_RETURN_TYPE = YES_ERROR;
				GCC_WARN_UNDECLARED_SELECTOR = YES;
				GCC_WARN_UNINITIALIZED_AUTOS = YES_AGGRESSIVE;
				GCC_WARN_UNUSED_FUNCTION = YES;
				GCC_WARN_UNUSED_VARIABLE = YES;
				IPHONEOS_DEPLOYMENT_TARGET = 10.3;
				MTL_ENABLE_DEBUG_INFO = NO;
				SDKROOT = iphoneos;
				SWIFT_OPTIMIZATION_LEVEL = "-Owholemodule";
				TARGETED_DEVICE_FAMILY = "1,2";
				VALIDATE_PRODUCT = YES;
			};
			name = Release;
		};
		659C72481EC82BAA00633E4D /* Debug */ = {
			isa = XCBuildConfiguration;
			buildSettings = {
				ASSETCATALOG_COMPILER_APPICON_NAME = AppIcon;
				DEVELOPMENT_TEAM = WC2JB3CT65;
				INFOPLIST_FILE = warGame/Info.plist;
				LD_RUNPATH_SEARCH_PATHS = "$(inherited) @executable_path/Frameworks";
				PRODUCT_BUNDLE_IDENTIFIER = com.example.warGame;
				PRODUCT_NAME = "$(TARGET_NAME)";
				SWIFT_VERSION = 3.0;
			};
			name = Debug;
		};
		659C72491EC82BAA00633E4D /* Release */ = {
			isa = XCBuildConfiguration;
			buildSettings = {
				ASSETCATALOG_COMPILER_APPICON_NAME = AppIcon;
				DEVELOPMENT_TEAM = WC2JB3CT65;
				INFOPLIST_FILE = warGame/Info.plist;
				LD_RUNPATH_SEARCH_PATHS = "$(inherited) @executable_path/Frameworks";
				PRODUCT_BUNDLE_IDENTIFIER = com.example.warGame;
				PRODUCT_NAME = "$(TARGET_NAME)";
				SWIFT_VERSION = 3.0;
			};
			name = Release;
		};
/* End XCBuildConfiguration section */

/* Begin XCConfigurationList section */
		659C72301EC82BAA00633E4D /* Build configuration list for PBXProject "warGame" */ = {
			isa = XCConfigurationList;
			buildConfigurations = (
				659C72451EC82BAA00633E4D /* Debug */,
				659C72461EC82BAA00633E4D /* Release */,
			);
			defaultConfigurationIsVisible = 0;
			defaultConfigurationName = Release;
		};
		659C72471EC82BAA00633E4D /* Build configuration list for PBXNativeTarget "warGame" */ = {
			isa = XCConfigurationList;
			buildConfigurations = (
				659C72481EC82BAA00633E4D /* Debug */,
				659C72491EC82BAA00633E4D /* Release */,
			);
			defaultConfigurationIsVisible = 0;
		};
/* End XCConfigurationList section */
	};
	rootObject = 659C722D1EC82BAA00633E4D /* Project object */;
}
