// !$*UTF8*$!
{
	archiveVersion = 1;
	classes = {
	};
	objectVersion = 48;
	objects = {

/* Begin PBXBuildFile section */
		651418001F9576BA004EA8C9 /* AppDelegate.swift in Sources */ = {isa = PBXBuildFile; fileRef = 651417FF1F9576BA004EA8C9 /* AppDelegate.swift */; };
		651418021F9576BA004EA8C9 /* ViewController.swift in Sources */ = {isa = PBXBuildFile; fileRef = 651418011F9576BA004EA8C9 /* ViewController.swift */; };
		651418051F9576BA004EA8C9 /* Main.storyboard in Resources */ = {isa = PBXBuildFile; fileRef = 651418031F9576BA004EA8C9 /* Main.storyboard */; };
		651418071F9576BA004EA8C9 /* Assets.xcassets in Resources */ = {isa = PBXBuildFile; fileRef = 651418061F9576BA004EA8C9 /* Assets.xcassets */; };
		6514180A1F9576BA004EA8C9 /* LaunchScreen.storyboard in Resources */ = {isa = PBXBuildFile; fileRef = 651418081F9576BA004EA8C9 /* LaunchScreen.storyboard */; };
		651418121F95776A004EA8C9 /* SelectionViewController.swift in Sources */ = {isa = PBXBuildFile; fileRef = 651418111F95776A004EA8C9 /* SelectionViewController.swift */; };
/* End PBXBuildFile section */

/* Begin PBXFileReference section */
		651417FC1F9576BA004EA8C9 /* Delegates-Protocols.app */ = {isa = PBXFileReference; explicitFileType = wrapper.application; includeInIndex = 0; path = "Delegates-Protocols.app"; sourceTree = BUILT_PRODUCTS_DIR; };
		651417FF1F9576BA004EA8C9 /* AppDelegate.swift */ = {isa = PBXFileReference; lastKnownFileType = sourcecode.swift; path = AppDelegate.swift; sourceTree = "<group>"; };
		651418011F9576BA004EA8C9 /* ViewController.swift */ = {isa = PBXFileReference; lastKnownFileType = sourcecode.swift; path = ViewController.swift; sourceTree = "<group>"; };
		651418041F9576BA004EA8C9 /* Base */ = {isa = PBXFileReference; lastKnownFileType = file.storyboard; name = Base; path = Base.lproj/Main.storyboard; sourceTree = "<group>"; };
		651418061F9576BA004EA8C9 /* Assets.xcassets */ = {isa = PBXFileReference; lastKnownFileType = folder.assetcatalog; path = Assets.xcassets; sourceTree = "<group>"; };
		651418091F9576BA004EA8C9 /* Base */ = {isa = PBXFileReference; lastKnownFileType = file.storyboard; name = Base; path = Base.lproj/LaunchScreen.storyboard; sourceTree = "<group>"; };
		6514180B1F9576BA004EA8C9 /* Info.plist */ = {isa = PBXFileReference; lastKnownFileType = text.plist.xml; path = Info.plist; sourceTree = "<group>"; };
		651418111F95776A004EA8C9 /* SelectionViewController.swift */ = {isa = PBXFileReference; lastKnownFileType = sourcecode.swift; path = SelectionViewController.swift; sourceTree = "<group>"; };
/* End PBXFileReference section */

/* Begin PBXFrameworksBuildPhase section */
		651417F91F9576BA004EA8C9 /* Frameworks */ = {
			isa = PBXFrameworksBuildPhase;
			buildActionMask = 2147483647;
			files = (
			);
			runOnlyForDeploymentPostprocessing = 0;
		};
/* End PBXFrameworksBuildPhase section */

/* Begin PBXGroup section */
		651417F31F9576BA004EA8C9 = {
			isa = PBXGroup;
			children = (
				651417FE1F9576BA004EA8C9 /* Delegates-Protocols */,
				651417FD1F9576BA004EA8C9 /* Products */,
			);
			sourceTree = "<group>";
		};
		651417FD1F9576BA004EA8C9 /* Products */ = {
			isa = PBXGroup;
			children = (
				651417FC1F9576BA004EA8C9 /* Delegates-Protocols.app */,
			);
			name = Products;
			sourceTree = "<group>";
		};
		651417FE1F9576BA004EA8C9 /* Delegates-Protocols */ = {
			isa = PBXGroup;
			children = (
				651417FF1F9576BA004EA8C9 /* AppDelegate.swift */,
				651418011F9576BA004EA8C9 /* ViewController.swift */,
				651418031F9576BA004EA8C9 /* Main.storyboard */,
				651418111F95776A004EA8C9 /* SelectionViewController.swift */,
				651418061F9576BA004EA8C9 /* Assets.xcassets */,
				651418081F9576BA004EA8C9 /* LaunchScreen.storyboard */,
				6514180B1F9576BA004EA8C9 /* Info.plist */,
			);
			path = "Delegates-Protocols";
			sourceTree = "<group>";
		};
/* End PBXGroup section */

/* Begin PBXNativeTarget section */
		651417FB1F9576BA004EA8C9 /* Delegates-Protocols */ = {
			isa = PBXNativeTarget;
			buildConfigurationList = 6514180E1F9576BA004EA8C9 /* Build configuration list for PBXNativeTarget "Delegates-Protocols" */;
			buildPhases = (
				651417F81F9576BA004EA8C9 /* Sources */,
				651417F91F9576BA004EA8C9 /* Frameworks */,
				651417FA1F9576BA004EA8C9 /* Resources */,
			);
			buildRules = (
			);
			dependencies = (
			);
			name = "Delegates-Protocols";
			productName = "Delegates-Protocols";
			productReference = 651417FC1F9576BA004EA8C9 /* Delegates-Protocols.app */;
			productType = "com.apple.product-type.application";
		};
/* End PBXNativeTarget section */

/* Begin PBXProject section */
		651417F41F9576BA004EA8C9 /* Project object */ = {
			isa = PBXProject;
			attributes = {
				LastSwiftUpdateCheck = 0900;
				LastUpgradeCheck = 0900;
				ORGANIZATIONNAME = com.example;
				TargetAttributes = {
					651417FB1F9576BA004EA8C9 = {
						CreatedOnToolsVersion = 9.0;
						ProvisioningStyle = Automatic;
					};
				};
			};
			buildConfigurationList = 651417F71F9576BA004EA8C9 /* Build configuration list for PBXProject "Delegates-Protocols" */;
			compatibilityVersion = "Xcode 8.0";
			developmentRegion = en;
			hasScannedForEncodings = 0;
			knownRegions = (
				en,
				Base,
			);
			mainGroup = 651417F31F9576BA004EA8C9;
			productRefGroup = 651417FD1F9576BA004EA8C9 /* Products */;
			projectDirPath = "";
			projectRoot = "";
			targets = (
				651417FB1F9576BA004EA8C9 /* Delegates-Protocols */,
			);
		};
/* End PBXProject section */

/* Begin PBXResourcesBuildPhase section */
		651417FA1F9576BA004EA8C9 /* Resources */ = {
			isa = PBXResourcesBuildPhase;
			buildActionMask = 2147483647;
			files = (
				6514180A1F9576BA004EA8C9 /* LaunchScreen.storyboard in Resources */,
				651418071F9576BA004EA8C9 /* Assets.xcassets in Resources */,
				651418051F9576BA004EA8C9 /* Main.storyboard in Resources */,
			);
			runOnlyForDeploymentPostprocessing = 0;
		};
/* End PBXResourcesBuildPhase section */

/* Begin PBXSourcesBuildPhase section */
		651417F81F9576BA004EA8C9 /* Sources */ = {
			isa = PBXSourcesBuildPhase;
			buildActionMask = 2147483647;
			files = (
				651418021F9576BA004EA8C9 /* ViewController.swift in Sources */,
				651418121F95776A004EA8C9 /* SelectionViewController.swift in Sources */,
				651418001F9576BA004EA8C9 /* AppDelegate.swift in Sources */,
			);
			runOnlyForDeploymentPostprocessing = 0;
		};
/* End PBXSourcesBuildPhase section */

/* Begin PBXVariantGroup section */
		651418031F9576BA004EA8C9 /* Main.storyboard */ = {
			isa = PBXVariantGroup;
			children = (
				651418041F9576BA004EA8C9 /* Base */,
			);
			name = Main.storyboard;
			sourceTree = "<group>";
		};
		651418081F9576BA004EA8C9 /* LaunchScreen.storyboard */ = {
			isa = PBXVariantGroup;
			children = (
				651418091F9576BA004EA8C9 /* Base */,
			);
			name = LaunchScreen.storyboard;
			sourceTree = "<group>";
		};
/* End PBXVariantGroup section */

/* Begin XCBuildConfiguration section */
		6514180C1F9576BA004EA8C9 /* Debug */ = {
			isa = XCBuildConfiguration;
			buildSettings = {
				ALWAYS_SEARCH_USER_PATHS = NO;
				CLANG_ANALYZER_NONNULL = YES;
				CLANG_ANALYZER_NUMBER_OBJECT_CONVERSION = YES_AGGRESSIVE;
				CLANG_CXX_LANGUAGE_STANDARD = "gnu++14";
				CLANG_CXX_LIBRARY = "libc++";
				CLANG_ENABLE_MODULES = YES;
				CLANG_ENABLE_OBJC_ARC = YES;
				CLANG_WARN_BLOCK_CAPTURE_AUTORELEASING = YES;
				CLANG_WARN_BOOL_CONVERSION = YES;
				CLANG_WARN_COMMA = YES;
				CLANG_WARN_CONSTANT_CONVERSION = YES;
				CLANG_WARN_DIRECT_OBJC_ISA_USAGE = YES_ERROR;
				CLANG_WARN_DOCUMENTATION_COMMENTS = YES;
				CLANG_WARN_EMPTY_BODY = YES;
				CLANG_WARN_ENUM_CONVERSION = YES;
				CLANG_WARN_INFINITE_RECURSION = YES;
				CLANG_WARN_INT_CONVERSION = YES;
				CLANG_WARN_NON_LITERAL_NULL_CONVERSION = YES;
				CLANG_WARN_OBJC_LITERAL_CONVERSION = YES;
				CLANG_WARN_OBJC_ROOT_CLASS = YES_ERROR;
				CLANG_WARN_RANGE_LOOP_ANALYSIS = YES;
				CLANG_WARN_STRICT_PROTOTYPES = YES;
				CLANG_WARN_SUSPICIOUS_MOVE = YES;
				CLANG_WARN_UNGUARDED_AVAILABILITY = YES_AGGRESSIVE;
				CLANG_WARN_UNREACHABLE_CODE = YES;
				CLANG_WARN__DUPLICATE_METHOD_MATCH = YES;
				CODE_SIGN_IDENTITY = "iPhone Developer";
				COPY_PHASE_STRIP = NO;
				DEBUG_INFORMATION_FORMAT = dwarf;
				ENABLE_STRICT_OBJC_MSGSEND = YES;
				ENABLE_TESTABILITY = YES;
				GCC_C_LANGUAGE_STANDARD = gnu11;
				GCC_DYNAMIC_NO_PIC = NO;
				GCC_NO_COMMON_BLOCKS = YES;
				GCC_OPTIMIZATION_LEVEL = 0;
				GCC_PREPROCESSOR_DEFINITIONS = (
					"DEBUG=1",
					"$(inherited)",
				);
				GCC_WARN_64_TO_32_BIT_CONVERSION = YES;
				GCC_WARN_ABOUT_RETURN_TYPE = YES_ERROR;
				GCC_WARN_UNDECLARED_SELECTOR = YES;
				GCC_WARN_UNINITIALIZED_AUTOS = YES_AGGRESSIVE;
				GCC_WARN_UNUSED_FUNCTION = YES;
				GCC_WARN_UNUSED_VARIABLE = YES;
				IPHONEOS_DEPLOYMENT_TARGET = 11.0;
				MTL_ENABLE_DEBUG_INFO = YES;
				ONLY_ACTIVE_ARCH = YES;
				SDKROOT = iphoneos;
				SWIFT_ACTIVE_COMPILATION_CONDITIONS = DEBUG;
				SWIFT_OPTIMIZATION_LEVEL = "-Onone";
			};
			name = Debug;
		};
		6514180D1F9576BA004EA8C9 /* Release */ = {
			isa = XCBuildConfiguration;
			buildSettings = {
				ALWAYS_SEARCH_USER_PATHS = NO;
				CLANG_ANALYZER_NONNULL = YES;
				CLANG_ANALYZER_NUMBER_OBJECT_CONVERSION = YES_AGGRESSIVE;
				CLANG_CXX_LANGUAGE_STANDARD = "gnu++14";
				CLANG_CXX_LIBRARY = "libc++";
				CLANG_ENABLE_MODULES = YES;
				CLANG_ENABLE_OBJC_ARC = YES;
				CLANG_WARN_BLOCK_CAPTURE_AUTORELEASING = YES;
				CLANG_WARN_BOOL_CONVERSION = YES;
				CLANG_WARN_COMMA = YES;
				CLANG_WARN_CONSTANT_CONVERSION = YES;
				CLANG_WARN_DIRECT_OBJC_ISA_USAGE = YES_ERROR;
				CLANG_WARN_DOCUMENTATION_COMMENTS = YES;
				CLANG_WARN_EMPTY_BODY = YES;
				CLANG_WARN_ENUM_CONVERSION = YES;
				CLANG_WARN_INFINITE_RECURSION = YES;
				CLANG_WARN_INT_CONVERSION = YES;
				CLANG_WARN_NON_LITERAL_NULL_CONVERSION = YES;
				CLANG_WARN_OBJC_LITERAL_CONVERSION = YES;
				CLANG_WARN_OBJC_ROOT_CLASS = YES_ERROR;
				CLANG_WARN_RANGE_LOOP_ANALYSIS = YES;
				CLANG_WARN_STRICT_PROTOTYPES = YES;
				CLANG_WARN_SUSPICIOUS_MOVE = YES;
				CLANG_WARN_UNGUARDED_AVAILABILITY = YES_AGGRESSIVE;
				CLANG_WARN_UNREACHABLE_CODE = YES;
				CLANG_WARN__DUPLICATE_METHOD_MATCH = YES;
				CODE_SIGN_IDENTITY = "iPhone Developer";
				COPY_PHASE_STRIP = NO;
				DEBUG_INFORMATION_FORMAT = "dwarf-with-dsym";
				ENABLE_NS_ASSERTIONS = NO;
				ENABLE_STRICT_OBJC_MSGSEND = YES;
				GCC_C_LANGUAGE_STANDARD = gnu11;
				GCC_NO_COMMON_BLOCKS = YES;
				GCC_WARN_64_TO_32_BIT_CONVERSION = YES;
				GCC_WARN_ABOUT_RETURN_TYPE = YES_ERROR;
				GCC_WARN_UNDECLARED_SELECTOR = YES;
				GCC_WARN_UNINITIALIZED_AUTOS = YES_AGGRESSIVE;
				GCC_WARN_UNUSED_FUNCTION = YES;
				GCC_WARN_UNUSED_VARIABLE = YES;
				IPHONEOS_DEPLOYMENT_TARGET = 11.0;
				MTL_ENABLE_DEBUG_INFO = NO;
				SDKROOT = iphoneos;
				SWIFT_OPTIMIZATION_LEVEL = "-Owholemodule";
				VALIDATE_PRODUCT = YES;
			};
			name = Release;
		};
		6514180F1F9576BA004EA8C9 /* Debug */ = {
			isa = XCBuildConfiguration;
			buildSettings = {
				ASSETCATALOG_COMPILER_APPICON_NAME = AppIcon;
				CODE_SIGN_STYLE = Automatic;
				DEVELOPMENT_TEAM = WC2JB3CT65;
				INFOPLIST_FILE = "Delegates-Protocols/Info.plist";
				LD_RUNPATH_SEARCH_PATHS = "$(inherited) @executable_path/Frameworks";
				PRODUCT_BUNDLE_IDENTIFIER = "com.example.Delegates-Protocols";
				PRODUCT_NAME = "$(TARGET_NAME)";
				SWIFT_VERSION = 4.0;
				TARGETED_DEVICE_FAMILY = "1,2";
			};
			name = Debug;
		};
		651418101F9576BA004EA8C9 /* Release */ = {
			isa = XCBuildConfiguration;
			buildSettings = {
				ASSETCATALOG_COMPILER_APPICON_NAME = AppIcon;
				CODE_SIGN_STYLE = Automatic;
				DEVELOPMENT_TEAM = WC2JB3CT65;
				INFOPLIST_FILE = "Delegates-Protocols/Info.plist";
				LD_RUNPATH_SEARCH_PATHS = "$(inherited) @executable_path/Frameworks";
				PRODUCT_BUNDLE_IDENTIFIER = "com.example.Delegates-Protocols";
				PRODUCT_NAME = "$(TARGET_NAME)";
				SWIFT_VERSION = 4.0;
				TARGETED_DEVICE_FAMILY = "1,2";
			};
			name = Release;
		};
/* End XCBuildConfiguration section */

/* Begin XCConfigurationList section */
		651417F71F9576BA004EA8C9 /* Build configuration list for PBXProject "Delegates-Protocols" */ = {
			isa = XCConfigurationList;
			buildConfigurations = (
				6514180C1F9576BA004EA8C9 /* Debug */,
				6514180D1F9576BA004EA8C9 /* Release */,
			);
			defaultConfigurationIsVisible = 0;
			defaultConfigurationName = Release;
		};
		6514180E1F9576BA004EA8C9 /* Build configuration list for PBXNativeTarget "Delegates-Protocols" */ = {
			isa = XCConfigurationList;
			buildConfigurations = (
				6514180F1F9576BA004EA8C9 /* Debug */,
				651418101F9576BA004EA8C9 /* Release */,
			);
			defaultConfigurationIsVisible = 0;
			defaultConfigurationName = Release;
		};
/* End XCConfigurationList section */
	};
	rootObject = 651417F41F9576BA004EA8C9 /* Project object */;
}
