// !$*UTF8*$!
{
	archiveVersion = 1;
	classes = {
	};
	objectVersion = 46;
	objects = {

/* Begin PBXBuildFile section */
		65C7BFB61E8C270200A19749 /* AppDelegate.swift in Sources */ = {isa = PBXBuildFile; fileRef = 65C7BFB51E8C270200A19749 /* AppDelegate.swift */; };
		65C7BFB81E8C270200A19749 /* ViewController.swift in Sources */ = {isa = PBXBuildFile; fileRef = 65C7BFB71E8C270200A19749 /* ViewController.swift */; };
		65C7BFBB1E8C270200A19749 /* Main.storyboard in Resources */ = {isa = PBXBuildFile; fileRef = 65C7BFB91E8C270200A19749 /* Main.storyboard */; };
		65C7BFBD1E8C270200A19749 /* Assets.xcassets in Resources */ = {isa = PBXBuildFile; fileRef = 65C7BFBC1E8C270200A19749 /* Assets.xcassets */; };
		65C7BFC01E8C270200A19749 /* LaunchScreen.storyboard in Resources */ = {isa = PBXBuildFile; fileRef = 65C7BFBE1E8C270200A19749 /* LaunchScreen.storyboard */; };
		65C7BFC91E8C275100A19749 /* Photos.framework in Frameworks */ = {isa = PBXBuildFile; fileRef = 65C7BFC81E8C275100A19749 /* Photos.framework */; };
		65C7BFCB1E8C2B9100A19749 /* CoreLocation.framework in Frameworks */ = {isa = PBXBuildFile; fileRef = 65C7BFCA1E8C2B9100A19749 /* CoreLocation.framework */; };
		65C7BFCD1E8C2E3B00A19749 /* Contacts.framework in Frameworks */ = {isa = PBXBuildFile; fileRef = 65C7BFCC1E8C2E3B00A19749 /* Contacts.framework */; };
		65C7BFCF1E8C305900A19749 /* EventKit.framework in Frameworks */ = {isa = PBXBuildFile; fileRef = 65C7BFCE1E8C305900A19749 /* EventKit.framework */; };
/* End PBXBuildFile section */

/* Begin PBXFileReference section */
		65C7BFB21E8C270200A19749 /* Permissions_ClassLecture.app */ = {isa = PBXFileReference; explicitFileType = wrapper.application; includeInIndex = 0; path = Permissions_ClassLecture.app; sourceTree = BUILT_PRODUCTS_DIR; };
		65C7BFB51E8C270200A19749 /* AppDelegate.swift */ = {isa = PBXFileReference; lastKnownFileType = sourcecode.swift; path = AppDelegate.swift; sourceTree = "<group>"; };
		65C7BFB71E8C270200A19749 /* ViewController.swift */ = {isa = PBXFileReference; lastKnownFileType = sourcecode.swift; path = ViewController.swift; sourceTree = "<group>"; };
		65C7BFBA1E8C270200A19749 /* Base */ = {isa = PBXFileReference; lastKnownFileType = file.storyboard; name = Base; path = Base.lproj/Main.storyboard; sourceTree = "<group>"; };
		65C7BFBC1E8C270200A19749 /* Assets.xcassets */ = {isa = PBXFileReference; lastKnownFileType = folder.assetcatalog; path = Assets.xcassets; sourceTree = "<group>"; };
		65C7BFBF1E8C270200A19749 /* Base */ = {isa = PBXFileReference; lastKnownFileType = file.storyboard; name = Base; path = Base.lproj/LaunchScreen.storyboard; sourceTree = "<group>"; };
		65C7BFC11E8C270200A19749 /* Info.plist */ = {isa = PBXFileReference; lastKnownFileType = text.plist.xml; path = Info.plist; sourceTree = "<group>"; };
		65C7BFC81E8C275100A19749 /* Photos.framework */ = {isa = PBXFileReference; lastKnownFileType = wrapper.framework; name = Photos.framework; path = System/Library/Frameworks/Photos.framework; sourceTree = SDKROOT; };
		65C7BFCA1E8C2B9100A19749 /* CoreLocation.framework */ = {isa = PBXFileReference; lastKnownFileType = wrapper.framework; name = CoreLocation.framework; path = System/Library/Frameworks/CoreLocation.framework; sourceTree = SDKROOT; };
		65C7BFCC1E8C2E3B00A19749 /* Contacts.framework */ = {isa = PBXFileReference; lastKnownFileType = wrapper.framework; name = Contacts.framework; path = System/Library/Frameworks/Contacts.framework; sourceTree = SDKROOT; };
		65C7BFCE1E8C305900A19749 /* EventKit.framework */ = {isa = PBXFileReference; lastKnownFileType = wrapper.framework; name = EventKit.framework; path = System/Library/Frameworks/EventKit.framework; sourceTree = SDKROOT; };
/* End PBXFileReference section */

/* Begin PBXFrameworksBuildPhase section */
		65C7BFAF1E8C270200A19749 /* Frameworks */ = {
			isa = PBXFrameworksBuildPhase;
			buildActionMask = 2147483647;
			files = (
				65C7BFCF1E8C305900A19749 /* EventKit.framework in Frameworks */,
				65C7BFCD1E8C2E3B00A19749 /* Contacts.framework in Frameworks */,
				65C7BFCB1E8C2B9100A19749 /* CoreLocation.framework in Frameworks */,
				65C7BFC91E8C275100A19749 /* Photos.framework in Frameworks */,
			);
			runOnlyForDeploymentPostprocessing = 0;
		};
/* End PBXFrameworksBuildPhase section */

/* Begin PBXGroup section */
		65C7BFA91E8C270200A19749 = {
			isa = PBXGroup;
			children = (
				65C7BFB41E8C270200A19749 /* Permissions_ClassLecture */,
				65C7BFB31E8C270200A19749 /* Products */,
				65C7BFC71E8C275000A19749 /* Frameworks */,
			);
			sourceTree = "<group>";
		};
		65C7BFB31E8C270200A19749 /* Products */ = {
			isa = PBXGroup;
			children = (
				65C7BFB21E8C270200A19749 /* Permissions_ClassLecture.app */,
			);
			name = Products;
			sourceTree = "<group>";
		};
		65C7BFB41E8C270200A19749 /* Permissions_ClassLecture */ = {
			isa = PBXGroup;
			children = (
				65C7BFB51E8C270200A19749 /* AppDelegate.swift */,
				65C7BFB71E8C270200A19749 /* ViewController.swift */,
				65C7BFB91E8C270200A19749 /* Main.storyboard */,
				65C7BFBC1E8C270200A19749 /* Assets.xcassets */,
				65C7BFBE1E8C270200A19749 /* LaunchScreen.storyboard */,
				65C7BFC11E8C270200A19749 /* Info.plist */,
			);
			path = Permissions_ClassLecture;
			sourceTree = "<group>";
		};
		65C7BFC71E8C275000A19749 /* Frameworks */ = {
			isa = PBXGroup;
			children = (
				65C7BFCE1E8C305900A19749 /* EventKit.framework */,
				65C7BFCC1E8C2E3B00A19749 /* Contacts.framework */,
				65C7BFCA1E8C2B9100A19749 /* CoreLocation.framework */,
				65C7BFC81E8C275100A19749 /* Photos.framework */,
			);
			name = Frameworks;
			sourceTree = "<group>";
		};
/* End PBXGroup section */

/* Begin PBXNativeTarget section */
		65C7BFB11E8C270200A19749 /* Permissions_ClassLecture */ = {
			isa = PBXNativeTarget;
			buildConfigurationList = 65C7BFC41E8C270200A19749 /* Build configuration list for PBXNativeTarget "Permissions_ClassLecture" */;
			buildPhases = (
				65C7BFAE1E8C270200A19749 /* Sources */,
				65C7BFAF1E8C270200A19749 /* Frameworks */,
				65C7BFB01E8C270200A19749 /* Resources */,
			);
			buildRules = (
			);
			dependencies = (
			);
			name = Permissions_ClassLecture;
			productName = Permissions_ClassLecture;
			productReference = 65C7BFB21E8C270200A19749 /* Permissions_ClassLecture.app */;
			productType = "com.apple.product-type.application";
		};
/* End PBXNativeTarget section */

/* Begin PBXProject section */
		65C7BFAA1E8C270200A19749 /* Project object */ = {
			isa = PBXProject;
			attributes = {
				LastSwiftUpdateCheck = 0820;
				LastUpgradeCheck = 0820;
				ORGANIZATIONNAME = com.example;
				TargetAttributes = {
					65C7BFB11E8C270200A19749 = {
						CreatedOnToolsVersion = 8.2.1;
						ProvisioningStyle = Automatic;
					};
				};
			};
			buildConfigurationList = 65C7BFAD1E8C270200A19749 /* Build configuration list for PBXProject "Permissions_ClassLecture" */;
			compatibilityVersion = "Xcode 3.2";
			developmentRegion = English;
			hasScannedForEncodings = 0;
			knownRegions = (
				en,
				Base,
			);
			mainGroup = 65C7BFA91E8C270200A19749;
			productRefGroup = 65C7BFB31E8C270200A19749 /* Products */;
			projectDirPath = "";
			projectRoot = "";
			targets = (
				65C7BFB11E8C270200A19749 /* Permissions_ClassLecture */,
			);
		};
/* End PBXProject section */

/* Begin PBXResourcesBuildPhase section */
		65C7BFB01E8C270200A19749 /* Resources */ = {
			isa = PBXResourcesBuildPhase;
			buildActionMask = 2147483647;
			files = (
				65C7BFC01E8C270200A19749 /* LaunchScreen.storyboard in Resources */,
				65C7BFBD1E8C270200A19749 /* Assets.xcassets in Resources */,
				65C7BFBB1E8C270200A19749 /* Main.storyboard in Resources */,
			);
			runOnlyForDeploymentPostprocessing = 0;
		};
/* End PBXResourcesBuildPhase section */

/* Begin PBXSourcesBuildPhase section */
		65C7BFAE1E8C270200A19749 /* Sources */ = {
			isa = PBXSourcesBuildPhase;
			buildActionMask = 2147483647;
			files = (
				65C7BFB81E8C270200A19749 /* ViewController.swift in Sources */,
				65C7BFB61E8C270200A19749 /* AppDelegate.swift in Sources */,
			);
			runOnlyForDeploymentPostprocessing = 0;
		};
/* End PBXSourcesBuildPhase section */

/* Begin PBXVariantGroup section */
		65C7BFB91E8C270200A19749 /* Main.storyboard */ = {
			isa = PBXVariantGroup;
			children = (
				65C7BFBA1E8C270200A19749 /* Base */,
			);
			name = Main.storyboard;
			sourceTree = "<group>";
		};
		65C7BFBE1E8C270200A19749 /* LaunchScreen.storyboard */ = {
			isa = PBXVariantGroup;
			children = (
				65C7BFBF1E8C270200A19749 /* Base */,
			);
			name = LaunchScreen.storyboard;
			sourceTree = "<group>";
		};
/* End PBXVariantGroup section */

/* Begin XCBuildConfiguration section */
		65C7BFC21E8C270200A19749 /* Debug */ = {
			isa = XCBuildConfiguration;
			buildSettings = {
				ALWAYS_SEARCH_USER_PATHS = NO;
				CLANG_ANALYZER_NONNULL = YES;
				CLANG_CXX_LANGUAGE_STANDARD = "gnu++0x";
				CLANG_CXX_LIBRARY = "libc++";
				CLANG_ENABLE_MODULES = YES;
				CLANG_ENABLE_OBJC_ARC = YES;
				CLANG_WARN_BOOL_CONVERSION = YES;
				CLANG_WARN_CONSTANT_CONVERSION = YES;
				CLANG_WARN_DIRECT_OBJC_ISA_USAGE = YES_ERROR;
				CLANG_WARN_DOCUMENTATION_COMMENTS = YES;
				CLANG_WARN_EMPTY_BODY = YES;
				CLANG_WARN_ENUM_CONVERSION = YES;
				CLANG_WARN_INFINITE_RECURSION = YES;
				CLANG_WARN_INT_CONVERSION = YES;
				CLANG_WARN_OBJC_ROOT_CLASS = YES_ERROR;
				CLANG_WARN_SUSPICIOUS_MOVE = YES;
				CLANG_WARN_UNREACHABLE_CODE = YES;
				CLANG_WARN__DUPLICATE_METHOD_MATCH = YES;
				"CODE_SIGN_IDENTITY[sdk=iphoneos*]" = "iPhone Developer";
				COPY_PHASE_STRIP = NO;
				DEBUG_INFORMATION_FORMAT = dwarf;
				ENABLE_STRICT_OBJC_MSGSEND = YES;
				ENABLE_TESTABILITY = YES;
				GCC_C_LANGUAGE_STANDARD = gnu99;
				GCC_DYNAMIC_NO_PIC = NO;
				GCC_NO_COMMON_BLOCKS = YES;
				GCC_OPTIMIZATION_LEVEL = 0;
				GCC_PREPROCESSOR_DEFINITIONS = (
					"DEBUG=1",
					"$(inherited)",
				);
				GCC_WARN_64_TO_32_BIT_CONVERSION = YES;
				GCC_WARN_ABOUT_RETURN_TYPE = YES_ERROR;
				GCC_WARN_UNDECLARED_SELECTOR = YES;
				GCC_WARN_UNINITIALIZED_AUTOS = YES_AGGRESSIVE;
				GCC_WARN_UNUSED_FUNCTION = YES;
				GCC_WARN_UNUSED_VARIABLE = YES;
				IPHONEOS_DEPLOYMENT_TARGET = 10.2;
				MTL_ENABLE_DEBUG_INFO = YES;
				ONLY_ACTIVE_ARCH = YES;
				SDKROOT = iphoneos;
				SWIFT_ACTIVE_COMPILATION_CONDITIONS = DEBUG;
				SWIFT_OPTIMIZATION_LEVEL = "-Onone";
				TARGETED_DEVICE_FAMILY = "1,2";
			};
			name = Debug;
		};
		65C7BFC31E8C270200A19749 /* Release */ = {
			isa = XCBuildConfiguration;
			buildSettings = {
				ALWAYS_SEARCH_USER_PATHS = NO;
				CLANG_ANALYZER_NONNULL = YES;
				CLANG_CXX_LANGUAGE_STANDARD = "gnu++0x";
				CLANG_CXX_LIBRARY = "libc++";
				CLANG_ENABLE_MODULES = YES;
				CLANG_ENABLE_OBJC_ARC = YES;
				CLANG_WARN_BOOL_CONVERSION = YES;
				CLANG_WARN_CONSTANT_CONVERSION = YES;
				CLANG_WARN_DIRECT_OBJC_ISA_USAGE = YES_ERROR;
				CLANG_WARN_DOCUMENTATION_COMMENTS = YES;
				CLANG_WARN_EMPTY_BODY = YES;
				CLANG_WARN_ENUM_CONVERSION = YES;
				CLANG_WARN_INFINITE_RECURSION = YES;
				CLANG_WARN_INT_CONVERSION = YES;
				CLANG_WARN_OBJC_ROOT_CLASS = YES_ERROR;
				CLANG_WARN_SUSPICIOUS_MOVE = YES;
				CLANG_WARN_UNREACHABLE_CODE = YES;
				CLANG_WARN__DUPLICATE_METHOD_MATCH = YES;
				"CODE_SIGN_IDENTITY[sdk=iphoneos*]" = "iPhone Developer";
				COPY_PHASE_STRIP = NO;
				DEBUG_INFORMATION_FORMAT = "dwarf-with-dsym";
				ENABLE_NS_ASSERTIONS = NO;
				ENABLE_STRICT_OBJC_MSGSEND = YES;
				GCC_C_LANGUAGE_STANDARD = gnu99;
				GCC_NO_COMMON_BLOCKS = YES;
				GCC_WARN_64_TO_32_BIT_CONVERSION = YES;
				GCC_WARN_ABOUT_RETURN_TYPE = YES_ERROR;
				GCC_WARN_UNDECLARED_SELECTOR = YES;
				GCC_WARN_UNINITIALIZED_AUTOS = YES_AGGRESSIVE;
				GCC_WARN_UNUSED_FUNCTION = YES;
				GCC_WARN_UNUSED_VARIABLE = YES;
				IPHONEOS_DEPLOYMENT_TARGET = 10.2;
				MTL_ENABLE_DEBUG_INFO = NO;
				SDKROOT = iphoneos;
				SWIFT_OPTIMIZATION_LEVEL = "-Owholemodule";
				TARGETED_DEVICE_FAMILY = "1,2";
				VALIDATE_PRODUCT = YES;
			};
			name = Release;
		};
		65C7BFC51E8C270200A19749 /* Debug */ = {
			isa = XCBuildConfiguration;
			buildSettings = {
				ASSETCATALOG_COMPILER_APPICON_NAME = AppIcon;
				INFOPLIST_FILE = Permissions_ClassLecture/Info.plist;
				LD_RUNPATH_SEARCH_PATHS = "$(inherited) @executable_path/Frameworks";
				PRODUCT_BUNDLE_IDENTIFIER = "com.example.Permissions-ClassLecture";
				PRODUCT_NAME = "$(TARGET_NAME)";
				SWIFT_VERSION = 3.0;
			};
			name = Debug;
		};
		65C7BFC61E8C270200A19749 /* Release */ = {
			isa = XCBuildConfiguration;
			buildSettings = {
				ASSETCATALOG_COMPILER_APPICON_NAME = AppIcon;
				INFOPLIST_FILE = Permissions_ClassLecture/Info.plist;
				LD_RUNPATH_SEARCH_PATHS = "$(inherited) @executable_path/Frameworks";
				PRODUCT_BUNDLE_IDENTIFIER = "com.example.Permissions-ClassLecture";
				PRODUCT_NAME = "$(TARGET_NAME)";
				SWIFT_VERSION = 3.0;
			};
			name = Release;
		};
/* End XCBuildConfiguration section */

/* Begin XCConfigurationList section */
		65C7BFAD1E8C270200A19749 /* Build configuration list for PBXProject "Permissions_ClassLecture" */ = {
			isa = XCConfigurationList;
			buildConfigurations = (
				65C7BFC21E8C270200A19749 /* Debug */,
				65C7BFC31E8C270200A19749 /* Release */,
			);
			defaultConfigurationIsVisible = 0;
			defaultConfigurationName = Release;
		};
		65C7BFC41E8C270200A19749 /* Build configuration list for PBXNativeTarget "Permissions_ClassLecture" */ = {
			isa = XCConfigurationList;
			buildConfigurations = (
				65C7BFC51E8C270200A19749 /* Debug */,
				65C7BFC61E8C270200A19749 /* Release */,
			);
			defaultConfigurationIsVisible = 0;
		};
/* End XCConfigurationList section */
	};
	rootObject = 65C7BFAA1E8C270200A19749 /* Project object */;
}
