// !$*UTF8*$!
{
	archiveVersion = 1;
	classes = {
	};
	objectVersion = 46;
	objects = {

/* Begin PBXBuildFile section */
		651D84EF1F15811B00ADC969 /* FlickrAPI.swift in Sources */ = {isa = PBXBuildFile; fileRef = 651D84EE1F15811B00ADC969 /* FlickrAPI.swift */; };
		651D84F11F15908500ADC969 /* PhotoStore.swift in Sources */ = {isa = PBXBuildFile; fileRef = 651D84F01F15908500ADC969 /* PhotoStore.swift */; };
		65EEF9C21F16E79D004A12E4 /* Photo.swift in Sources */ = {isa = PBXBuildFile; fileRef = 65EEF9C11F16E79D004A12E4 /* Photo.swift */; };
		65F7FB571F14238A0090CF69 /* AppDelegate.swift in Sources */ = {isa = PBXBuildFile; fileRef = 65F7FB561F14238A0090CF69 /* AppDelegate.swift */; };
		65F7FB5C1F14238A0090CF69 /* Main.storyboard in Resources */ = {isa = PBXBuildFile; fileRef = 65F7FB5A1F14238A0090CF69 /* Main.storyboard */; };
		65F7FB5E1F14238A0090CF69 /* Assets.xcassets in Resources */ = {isa = PBXBuildFile; fileRef = 65F7FB5D1F14238A0090CF69 /* Assets.xcassets */; };
		65F7FB611F14238A0090CF69 /* LaunchScreen.storyboard in Resources */ = {isa = PBXBuildFile; fileRef = 65F7FB5F1F14238A0090CF69 /* LaunchScreen.storyboard */; };
		65F7FB6C1F14238A0090CF69 /* PhotoramaTests.swift in Sources */ = {isa = PBXBuildFile; fileRef = 65F7FB6B1F14238A0090CF69 /* PhotoramaTests.swift */; };
		65F7FB771F14238A0090CF69 /* PhotoramaUITests.swift in Sources */ = {isa = PBXBuildFile; fileRef = 65F7FB761F14238A0090CF69 /* PhotoramaUITests.swift */; };
		65F7FB851F1423BD0090CF69 /* PhotosViewController.swift in Sources */ = {isa = PBXBuildFile; fileRef = 65F7FB841F1423BD0090CF69 /* PhotosViewController.swift */; };
/* End PBXBuildFile section */

/* Begin PBXContainerItemProxy section */
		65F7FB681F14238A0090CF69 /* PBXContainerItemProxy */ = {
			isa = PBXContainerItemProxy;
			containerPortal = 65F7FB4B1F1423890090CF69 /* Project object */;
			proxyType = 1;
			remoteGlobalIDString = 65F7FB521F14238A0090CF69;
			remoteInfo = Photorama;
		};
		65F7FB731F14238A0090CF69 /* PBXContainerItemProxy */ = {
			isa = PBXContainerItemProxy;
			containerPortal = 65F7FB4B1F1423890090CF69 /* Project object */;
			proxyType = 1;
			remoteGlobalIDString = 65F7FB521F14238A0090CF69;
			remoteInfo = Photorama;
		};
/* End PBXContainerItemProxy section */

/* Begin PBXFileReference section */
		651D84EE1F15811B00ADC969 /* FlickrAPI.swift */ = {isa = PBXFileReference; fileEncoding = 4; lastKnownFileType = sourcecode.swift; path = FlickrAPI.swift; sourceTree = "<group>"; };
		651D84F01F15908500ADC969 /* PhotoStore.swift */ = {isa = PBXFileReference; fileEncoding = 4; lastKnownFileType = sourcecode.swift; path = PhotoStore.swift; sourceTree = "<group>"; };
		65EEF9C11F16E79D004A12E4 /* Photo.swift */ = {isa = PBXFileReference; fileEncoding = 4; lastKnownFileType = sourcecode.swift; path = Photo.swift; sourceTree = "<group>"; };
		65F7FB531F14238A0090CF69 /* Photorama.app */ = {isa = PBXFileReference; explicitFileType = wrapper.application; includeInIndex = 0; path = Photorama.app; sourceTree = BUILT_PRODUCTS_DIR; };
		65F7FB561F14238A0090CF69 /* AppDelegate.swift */ = {isa = PBXFileReference; lastKnownFileType = sourcecode.swift; path = AppDelegate.swift; sourceTree = "<group>"; };
		65F7FB5B1F14238A0090CF69 /* Base */ = {isa = PBXFileReference; lastKnownFileType = file.storyboard; name = Base; path = Base.lproj/Main.storyboard; sourceTree = "<group>"; };
		65F7FB5D1F14238A0090CF69 /* Assets.xcassets */ = {isa = PBXFileReference; lastKnownFileType = folder.assetcatalog; path = Assets.xcassets; sourceTree = "<group>"; };
		65F7FB601F14238A0090CF69 /* Base */ = {isa = PBXFileReference; lastKnownFileType = file.storyboard; name = Base; path = Base.lproj/LaunchScreen.storyboard; sourceTree = "<group>"; };
		65F7FB621F14238A0090CF69 /* Info.plist */ = {isa = PBXFileReference; lastKnownFileType = text.plist.xml; path = Info.plist; sourceTree = "<group>"; };
		65F7FB671F14238A0090CF69 /* PhotoramaTests.xctest */ = {isa = PBXFileReference; explicitFileType = wrapper.cfbundle; includeInIndex = 0; path = PhotoramaTests.xctest; sourceTree = BUILT_PRODUCTS_DIR; };
		65F7FB6B1F14238A0090CF69 /* PhotoramaTests.swift */ = {isa = PBXFileReference; lastKnownFileType = sourcecode.swift; path = PhotoramaTests.swift; sourceTree = "<group>"; };
		65F7FB6D1F14238A0090CF69 /* Info.plist */ = {isa = PBXFileReference; lastKnownFileType = text.plist.xml; path = Info.plist; sourceTree = "<group>"; };
		65F7FB721F14238A0090CF69 /* PhotoramaUITests.xctest */ = {isa = PBXFileReference; explicitFileType = wrapper.cfbundle; includeInIndex = 0; path = PhotoramaUITests.xctest; sourceTree = BUILT_PRODUCTS_DIR; };
		65F7FB761F14238A0090CF69 /* PhotoramaUITests.swift */ = {isa = PBXFileReference; lastKnownFileType = sourcecode.swift; path = PhotoramaUITests.swift; sourceTree = "<group>"; };
		65F7FB781F14238A0090CF69 /* Info.plist */ = {isa = PBXFileReference; lastKnownFileType = text.plist.xml; path = Info.plist; sourceTree = "<group>"; };
		65F7FB841F1423BD0090CF69 /* PhotosViewController.swift */ = {isa = PBXFileReference; fileEncoding = 4; lastKnownFileType = sourcecode.swift; path = PhotosViewController.swift; sourceTree = "<group>"; };
/* End PBXFileReference section */

/* Begin PBXFrameworksBuildPhase section */
		65F7FB501F14238A0090CF69 /* Frameworks */ = {
			isa = PBXFrameworksBuildPhase;
			buildActionMask = 2147483647;
			files = (
			);
			runOnlyForDeploymentPostprocessing = 0;
		};
		65F7FB641F14238A0090CF69 /* Frameworks */ = {
			isa = PBXFrameworksBuildPhase;
			buildActionMask = 2147483647;
			files = (
			);
			runOnlyForDeploymentPostprocessing = 0;
		};
		65F7FB6F1F14238A0090CF69 /* Frameworks */ = {
			isa = PBXFrameworksBuildPhase;
			buildActionMask = 2147483647;
			files = (
			);
			runOnlyForDeploymentPostprocessing = 0;
		};
/* End PBXFrameworksBuildPhase section */

/* Begin PBXGroup section */
		65F7FB4A1F1423890090CF69 = {
			isa = PBXGroup;
			children = (
				65F7FB551F14238A0090CF69 /* Photorama */,
				65F7FB6A1F14238A0090CF69 /* PhotoramaTests */,
				65F7FB751F14238A0090CF69 /* PhotoramaUITests */,
				65F7FB541F14238A0090CF69 /* Products */,
			);
			sourceTree = "<group>";
		};
		65F7FB541F14238A0090CF69 /* Products */ = {
			isa = PBXGroup;
			children = (
				65F7FB531F14238A0090CF69 /* Photorama.app */,
				65F7FB671F14238A0090CF69 /* PhotoramaTests.xctest */,
				65F7FB721F14238A0090CF69 /* PhotoramaUITests.xctest */,
			);
			name = Products;
			sourceTree = "<group>";
		};
		65F7FB551F14238A0090CF69 /* Photorama */ = {
			isa = PBXGroup;
			children = (
				65F7FB561F14238A0090CF69 /* AppDelegate.swift */,
				65F7FB5A1F14238A0090CF69 /* Main.storyboard */,
				651D84EE1F15811B00ADC969 /* FlickrAPI.swift */,
				651D84F01F15908500ADC969 /* PhotoStore.swift */,
				65EEF9C11F16E79D004A12E4 /* Photo.swift */,
				65F7FB841F1423BD0090CF69 /* PhotosViewController.swift */,
				65F7FB5D1F14238A0090CF69 /* Assets.xcassets */,
				65F7FB5F1F14238A0090CF69 /* LaunchScreen.storyboard */,
				65F7FB621F14238A0090CF69 /* Info.plist */,
			);
			path = Photorama;
			sourceTree = "<group>";
		};
		65F7FB6A1F14238A0090CF69 /* PhotoramaTests */ = {
			isa = PBXGroup;
			children = (
				65F7FB6B1F14238A0090CF69 /* PhotoramaTests.swift */,
				65F7FB6D1F14238A0090CF69 /* Info.plist */,
			);
			path = PhotoramaTests;
			sourceTree = "<group>";
		};
		65F7FB751F14238A0090CF69 /* PhotoramaUITests */ = {
			isa = PBXGroup;
			children = (
				65F7FB761F14238A0090CF69 /* PhotoramaUITests.swift */,
				65F7FB781F14238A0090CF69 /* Info.plist */,
			);
			path = PhotoramaUITests;
			sourceTree = "<group>";
		};
/* End PBXGroup section */

/* Begin PBXNativeTarget section */
		65F7FB521F14238A0090CF69 /* Photorama */ = {
			isa = PBXNativeTarget;
			buildConfigurationList = 65F7FB7B1F14238A0090CF69 /* Build configuration list for PBXNativeTarget "Photorama" */;
			buildPhases = (
				65F7FB4F1F14238A0090CF69 /* Sources */,
				65F7FB501F14238A0090CF69 /* Frameworks */,
				65F7FB511F14238A0090CF69 /* Resources */,
			);
			buildRules = (
			);
			dependencies = (
			);
			name = Photorama;
			productName = Photorama;
			productReference = 65F7FB531F14238A0090CF69 /* Photorama.app */;
			productType = "com.apple.product-type.application";
		};
		65F7FB661F14238A0090CF69 /* PhotoramaTests */ = {
			isa = PBXNativeTarget;
			buildConfigurationList = 65F7FB7E1F14238A0090CF69 /* Build configuration list for PBXNativeTarget "PhotoramaTests" */;
			buildPhases = (
				65F7FB631F14238A0090CF69 /* Sources */,
				65F7FB641F14238A0090CF69 /* Frameworks */,
				65F7FB651F14238A0090CF69 /* Resources */,
			);
			buildRules = (
			);
			dependencies = (
				65F7FB691F14238A0090CF69 /* PBXTargetDependency */,
			);
			name = PhotoramaTests;
			productName = PhotoramaTests;
			productReference = 65F7FB671F14238A0090CF69 /* PhotoramaTests.xctest */;
			productType = "com.apple.product-type.bundle.unit-test";
		};
		65F7FB711F14238A0090CF69 /* PhotoramaUITests */ = {
			isa = PBXNativeTarget;
			buildConfigurationList = 65F7FB811F14238A0090CF69 /* Build configuration list for PBXNativeTarget "PhotoramaUITests" */;
			buildPhases = (
				65F7FB6E1F14238A0090CF69 /* Sources */,
				65F7FB6F1F14238A0090CF69 /* Frameworks */,
				65F7FB701F14238A0090CF69 /* Resources */,
			);
			buildRules = (
			);
			dependencies = (
				65F7FB741F14238A0090CF69 /* PBXTargetDependency */,
			);
			name = PhotoramaUITests;
			productName = PhotoramaUITests;
			productReference = 65F7FB721F14238A0090CF69 /* PhotoramaUITests.xctest */;
			productType = "com.apple.product-type.bundle.ui-testing";
		};
/* End PBXNativeTarget section */

/* Begin PBXProject section */
		65F7FB4B1F1423890090CF69 /* Project object */ = {
			isa = PBXProject;
			attributes = {
				LastSwiftUpdateCheck = 0830;
				LastUpgradeCheck = 0830;
				ORGANIZATIONNAME = com.example;
				TargetAttributes = {
					65F7FB521F14238A0090CF69 = {
						CreatedOnToolsVersion = 8.3.3;
						DevelopmentTeam = WC2JB3CT65;
						ProvisioningStyle = Automatic;
					};
					65F7FB661F14238A0090CF69 = {
						CreatedOnToolsVersion = 8.3.3;
						DevelopmentTeam = WC2JB3CT65;
						ProvisioningStyle = Automatic;
						TestTargetID = 65F7FB521F14238A0090CF69;
					};
					65F7FB711F14238A0090CF69 = {
						CreatedOnToolsVersion = 8.3.3;
						DevelopmentTeam = WC2JB3CT65;
						ProvisioningStyle = Automatic;
						TestTargetID = 65F7FB521F14238A0090CF69;
					};
				};
			};
			buildConfigurationList = 65F7FB4E1F1423890090CF69 /* Build configuration list for PBXProject "Photorama" */;
			compatibilityVersion = "Xcode 3.2";
			developmentRegion = English;
			hasScannedForEncodings = 0;
			knownRegions = (
				en,
				Base,
			);
			mainGroup = 65F7FB4A1F1423890090CF69;
			productRefGroup = 65F7FB541F14238A0090CF69 /* Products */;
			projectDirPath = "";
			projectRoot = "";
			targets = (
				65F7FB521F14238A0090CF69 /* Photorama */,
				65F7FB661F14238A0090CF69 /* PhotoramaTests */,
				65F7FB711F14238A0090CF69 /* PhotoramaUITests */,
			);
		};
/* End PBXProject section */

/* Begin PBXResourcesBuildPhase section */
		65F7FB511F14238A0090CF69 /* Resources */ = {
			isa = PBXResourcesBuildPhase;
			buildActionMask = 2147483647;
			files = (
				65F7FB611F14238A0090CF69 /* LaunchScreen.storyboard in Resources */,
				65F7FB5E1F14238A0090CF69 /* Assets.xcassets in Resources */,
				65F7FB5C1F14238A0090CF69 /* Main.storyboard in Resources */,
			);
			runOnlyForDeploymentPostprocessing = 0;
		};
		65F7FB651F14238A0090CF69 /* Resources */ = {
			isa = PBXResourcesBuildPhase;
			buildActionMask = 2147483647;
			files = (
			);
			runOnlyForDeploymentPostprocessing = 0;
		};
		65F7FB701F14238A0090CF69 /* Resources */ = {
			isa = PBXResourcesBuildPhase;
			buildActionMask = 2147483647;
			files = (
			);
			runOnlyForDeploymentPostprocessing = 0;
		};
/* End PBXResourcesBuildPhase section */

/* Begin PBXSourcesBuildPhase section */
		65F7FB4F1F14238A0090CF69 /* Sources */ = {
			isa = PBXSourcesBuildPhase;
			buildActionMask = 2147483647;
			files = (
				651D84EF1F15811B00ADC969 /* FlickrAPI.swift in Sources */,
				65F7FB851F1423BD0090CF69 /* PhotosViewController.swift in Sources */,
				651D84F11F15908500ADC969 /* PhotoStore.swift in Sources */,
				65F7FB571F14238A0090CF69 /* AppDelegate.swift in Sources */,
				65EEF9C21F16E79D004A12E4 /* Photo.swift in Sources */,
			);
			runOnlyForDeploymentPostprocessing = 0;
		};
		65F7FB631F14238A0090CF69 /* Sources */ = {
			isa = PBXSourcesBuildPhase;
			buildActionMask = 2147483647;
			files = (
				65F7FB6C1F14238A0090CF69 /* PhotoramaTests.swift in Sources */,
			);
			runOnlyForDeploymentPostprocessing = 0;
		};
		65F7FB6E1F14238A0090CF69 /* Sources */ = {
			isa = PBXSourcesBuildPhase;
			buildActionMask = 2147483647;
			files = (
				65F7FB771F14238A0090CF69 /* PhotoramaUITests.swift in Sources */,
			);
			runOnlyForDeploymentPostprocessing = 0;
		};
/* End PBXSourcesBuildPhase section */

/* Begin PBXTargetDependency section */
		65F7FB691F14238A0090CF69 /* PBXTargetDependency */ = {
			isa = PBXTargetDependency;
			target = 65F7FB521F14238A0090CF69 /* Photorama */;
			targetProxy = 65F7FB681F14238A0090CF69 /* PBXContainerItemProxy */;
		};
		65F7FB741F14238A0090CF69 /* PBXTargetDependency */ = {
			isa = PBXTargetDependency;
			target = 65F7FB521F14238A0090CF69 /* Photorama */;
			targetProxy = 65F7FB731F14238A0090CF69 /* PBXContainerItemProxy */;
		};
/* End PBXTargetDependency section */

/* Begin PBXVariantGroup section */
		65F7FB5A1F14238A0090CF69 /* Main.storyboard */ = {
			isa = PBXVariantGroup;
			children = (
				65F7FB5B1F14238A0090CF69 /* Base */,
			);
			name = Main.storyboard;
			sourceTree = "<group>";
		};
		65F7FB5F1F14238A0090CF69 /* LaunchScreen.storyboard */ = {
			isa = PBXVariantGroup;
			children = (
				65F7FB601F14238A0090CF69 /* Base */,
			);
			name = LaunchScreen.storyboard;
			sourceTree = "<group>";
		};
/* End PBXVariantGroup section */

/* Begin XCBuildConfiguration section */
		65F7FB791F14238A0090CF69 /* Debug */ = {
			isa = XCBuildConfiguration;
			buildSettings = {
				ALWAYS_SEARCH_USER_PATHS = NO;
				CLANG_ANALYZER_NONNULL = YES;
				CLANG_ANALYZER_NUMBER_OBJECT_CONVERSION = YES_AGGRESSIVE;
				CLANG_CXX_LANGUAGE_STANDARD = "gnu++0x";
				CLANG_CXX_LIBRARY = "libc++";
				CLANG_ENABLE_MODULES = YES;
				CLANG_ENABLE_OBJC_ARC = YES;
				CLANG_WARN_BOOL_CONVERSION = YES;
				CLANG_WARN_CONSTANT_CONVERSION = YES;
				CLANG_WARN_DIRECT_OBJC_ISA_USAGE = YES_ERROR;
				CLANG_WARN_DOCUMENTATION_COMMENTS = YES;
				CLANG_WARN_EMPTY_BODY = YES;
				CLANG_WARN_ENUM_CONVERSION = YES;
				CLANG_WARN_INFINITE_RECURSION = YES;
				CLANG_WARN_INT_CONVERSION = YES;
				CLANG_WARN_OBJC_ROOT_CLASS = YES_ERROR;
				CLANG_WARN_SUSPICIOUS_MOVE = YES;
				CLANG_WARN_UNREACHABLE_CODE = YES;
				CLANG_WARN__DUPLICATE_METHOD_MATCH = YES;
				"CODE_SIGN_IDENTITY[sdk=iphoneos*]" = "iPhone Developer";
				COPY_PHASE_STRIP = NO;
				DEBUG_INFORMATION_FORMAT = dwarf;
				ENABLE_STRICT_OBJC_MSGSEND = YES;
				ENABLE_TESTABILITY = YES;
				GCC_C_LANGUAGE_STANDARD = gnu99;
				GCC_DYNAMIC_NO_PIC = NO;
				GCC_NO_COMMON_BLOCKS = YES;
				GCC_OPTIMIZATION_LEVEL = 0;
				GCC_PREPROCESSOR_DEFINITIONS = (
					"DEBUG=1",
					"$(inherited)",
				);
				GCC_WARN_64_TO_32_BIT_CONVERSION = YES;
				GCC_WARN_ABOUT_RETURN_TYPE = YES_ERROR;
				GCC_WARN_UNDECLARED_SELECTOR = YES;
				GCC_WARN_UNINITIALIZED_AUTOS = YES_AGGRESSIVE;
				GCC_WARN_UNUSED_FUNCTION = YES;
				GCC_WARN_UNUSED_VARIABLE = YES;
				IPHONEOS_DEPLOYMENT_TARGET = 10.3;
				MTL_ENABLE_DEBUG_INFO = YES;
				ONLY_ACTIVE_ARCH = YES;
				SDKROOT = iphoneos;
				SWIFT_ACTIVE_COMPILATION_CONDITIONS = DEBUG;
				SWIFT_OPTIMIZATION_LEVEL = "-Onone";
				TARGETED_DEVICE_FAMILY = "1,2";
			};
			name = Debug;
		};
		65F7FB7A1F14238A0090CF69 /* Release */ = {
			isa = XCBuildConfiguration;
			buildSettings = {
				ALWAYS_SEARCH_USER_PATHS = NO;
				CLANG_ANALYZER_NONNULL = YES;
				CLANG_ANALYZER_NUMBER_OBJECT_CONVERSION = YES_AGGRESSIVE;
				CLANG_CXX_LANGUAGE_STANDARD = "gnu++0x";
				CLANG_CXX_LIBRARY = "libc++";
				CLANG_ENABLE_MODULES = YES;
				CLANG_ENABLE_OBJC_ARC = YES;
				CLANG_WARN_BOOL_CONVERSION = YES;
				CLANG_WARN_CONSTANT_CONVERSION = YES;
				CLANG_WARN_DIRECT_OBJC_ISA_USAGE = YES_ERROR;
				CLANG_WARN_DOCUMENTATION_COMMENTS = YES;
				CLANG_WARN_EMPTY_BODY = YES;
				CLANG_WARN_ENUM_CONVERSION = YES;
				CLANG_WARN_INFINITE_RECURSION = YES;
				CLANG_WARN_INT_CONVERSION = YES;
				CLANG_WARN_OBJC_ROOT_CLASS = YES_ERROR;
				CLANG_WARN_SUSPICIOUS_MOVE = YES;
				CLANG_WARN_UNREACHABLE_CODE = YES;
				CLANG_WARN__DUPLICATE_METHOD_MATCH = YES;
				"CODE_SIGN_IDENTITY[sdk=iphoneos*]" = "iPhone Developer";
				COPY_PHASE_STRIP = NO;
				DEBUG_INFORMATION_FORMAT = "dwarf-with-dsym";
				ENABLE_NS_ASSERTIONS = NO;
				ENABLE_STRICT_OBJC_MSGSEND = YES;
				GCC_C_LANGUAGE_STANDARD = gnu99;
				GCC_NO_COMMON_BLOCKS = YES;
				GCC_WARN_64_TO_32_BIT_CONVERSION = YES;
				GCC_WARN_ABOUT_RETURN_TYPE = YES_ERROR;
				GCC_WARN_UNDECLARED_SELECTOR = YES;
				GCC_WARN_UNINITIALIZED_AUTOS = YES_AGGRESSIVE;
				GCC_WARN_UNUSED_FUNCTION = YES;
				GCC_WARN_UNUSED_VARIABLE = YES;
				IPHONEOS_DEPLOYMENT_TARGET = 10.3;
				MTL_ENABLE_DEBUG_INFO = NO;
				SDKROOT = iphoneos;
				SWIFT_OPTIMIZATION_LEVEL = "-Owholemodule";
				TARGETED_DEVICE_FAMILY = "1,2";
				VALIDATE_PRODUCT = YES;
			};
			name = Release;
		};
		65F7FB7C1F14238A0090CF69 /* Debug */ = {
			isa = XCBuildConfiguration;
			buildSettings = {
				ASSETCATALOG_COMPILER_APPICON_NAME = AppIcon;
				DEVELOPMENT_TEAM = WC2JB3CT65;
				INFOPLIST_FILE = Photorama/Info.plist;
				LD_RUNPATH_SEARCH_PATHS = "$(inherited) @executable_path/Frameworks";
				PRODUCT_BUNDLE_IDENTIFIER = com.example.Photorama;
				PRODUCT_NAME = "$(TARGET_NAME)";
				SWIFT_VERSION = 3.0;
			};
			name = Debug;
		};
		65F7FB7D1F14238A0090CF69 /* Release */ = {
			isa = XCBuildConfiguration;
			buildSettings = {
				ASSETCATALOG_COMPILER_APPICON_NAME = AppIcon;
				DEVELOPMENT_TEAM = WC2JB3CT65;
				INFOPLIST_FILE = Photorama/Info.plist;
				LD_RUNPATH_SEARCH_PATHS = "$(inherited) @executable_path/Frameworks";
				PRODUCT_BUNDLE_IDENTIFIER = com.example.Photorama;
				PRODUCT_NAME = "$(TARGET_NAME)";
				SWIFT_VERSION = 3.0;
			};
			name = Release;
		};
		65F7FB7F1F14238A0090CF69 /* Debug */ = {
			isa = XCBuildConfiguration;
			buildSettings = {
				ALWAYS_EMBED_SWIFT_STANDARD_LIBRARIES = YES;
				BUNDLE_LOADER = "$(TEST_HOST)";
				DEVELOPMENT_TEAM = WC2JB3CT65;
				INFOPLIST_FILE = PhotoramaTests/Info.plist;
				LD_RUNPATH_SEARCH_PATHS = "$(inherited) @executable_path/Frameworks @loader_path/Frameworks";
				PRODUCT_BUNDLE_IDENTIFIER = com.example.PhotoramaTests;
				PRODUCT_NAME = "$(TARGET_NAME)";
				SWIFT_VERSION = 3.0;
				TEST_HOST = "$(BUILT_PRODUCTS_DIR)/Photorama.app/Photorama";
			};
			name = Debug;
		};
		65F7FB801F14238A0090CF69 /* Release */ = {
			isa = XCBuildConfiguration;
			buildSettings = {
				ALWAYS_EMBED_SWIFT_STANDARD_LIBRARIES = YES;
				BUNDLE_LOADER = "$(TEST_HOST)";
				DEVELOPMENT_TEAM = WC2JB3CT65;
				INFOPLIST_FILE = PhotoramaTests/Info.plist;
				LD_RUNPATH_SEARCH_PATHS = "$(inherited) @executable_path/Frameworks @loader_path/Frameworks";
				PRODUCT_BUNDLE_IDENTIFIER = com.example.PhotoramaTests;
				PRODUCT_NAME = "$(TARGET_NAME)";
				SWIFT_VERSION = 3.0;
				TEST_HOST = "$(BUILT_PRODUCTS_DIR)/Photorama.app/Photorama";
			};
			name = Release;
		};
		65F7FB821F14238A0090CF69 /* Debug */ = {
			isa = XCBuildConfiguration;
			buildSettings = {
				ALWAYS_EMBED_SWIFT_STANDARD_LIBRARIES = YES;
				DEVELOPMENT_TEAM = WC2JB3CT65;
				INFOPLIST_FILE = PhotoramaUITests/Info.plist;
				LD_RUNPATH_SEARCH_PATHS = "$(inherited) @executable_path/Frameworks @loader_path/Frameworks";
				PRODUCT_BUNDLE_IDENTIFIER = com.example.PhotoramaUITests;
				PRODUCT_NAME = "$(TARGET_NAME)";
				SWIFT_VERSION = 3.0;
				TEST_TARGET_NAME = Photorama;
			};
			name = Debug;
		};
		65F7FB831F14238A0090CF69 /* Release */ = {
			isa = XCBuildConfiguration;
			buildSettings = {
				ALWAYS_EMBED_SWIFT_STANDARD_LIBRARIES = YES;
				DEVELOPMENT_TEAM = WC2JB3CT65;
				INFOPLIST_FILE = PhotoramaUITests/Info.plist;
				LD_RUNPATH_SEARCH_PATHS = "$(inherited) @executable_path/Frameworks @loader_path/Frameworks";
				PRODUCT_BUNDLE_IDENTIFIER = com.example.PhotoramaUITests;
				PRODUCT_NAME = "$(TARGET_NAME)";
				SWIFT_VERSION = 3.0;
				TEST_TARGET_NAME = Photorama;
			};
			name = Release;
		};
/* End XCBuildConfiguration section */

/* Begin XCConfigurationList section */
		65F7FB4E1F1423890090CF69 /* Build configuration list for PBXProject "Photorama" */ = {
			isa = XCConfigurationList;
			buildConfigurations = (
				65F7FB791F14238A0090CF69 /* Debug */,
				65F7FB7A1F14238A0090CF69 /* Release */,
			);
			defaultConfigurationIsVisible = 0;
			defaultConfigurationName = Release;
		};
		65F7FB7B1F14238A0090CF69 /* Build configuration list for PBXNativeTarget "Photorama" */ = {
			isa = XCConfigurationList;
			buildConfigurations = (
				65F7FB7C1F14238A0090CF69 /* Debug */,
				65F7FB7D1F14238A0090CF69 /* Release */,
			);
			defaultConfigurationIsVisible = 0;
			defaultConfigurationName = Release;
		};
		65F7FB7E1F14238A0090CF69 /* Build configuration list for PBXNativeTarget "PhotoramaTests" */ = {
			isa = XCConfigurationList;
			buildConfigurations = (
				65F7FB7F1F14238A0090CF69 /* Debug */,
				65F7FB801F14238A0090CF69 /* Release */,
			);
			defaultConfigurationIsVisible = 0;
			defaultConfigurationName = Release;
		};
		65F7FB811F14238A0090CF69 /* Build configuration list for PBXNativeTarget "PhotoramaUITests" */ = {
			isa = XCConfigurationList;
			buildConfigurations = (
				65F7FB821F14238A0090CF69 /* Debug */,
				65F7FB831F14238A0090CF69 /* Release */,
			);
			defaultConfigurationIsVisible = 0;
			defaultConfigurationName = Release;
		};
/* End XCConfigurationList section */
	};
	rootObject = 65F7FB4B1F1423890090CF69 /* Project object */;
}
